
Microsoft Visual Studio Solution File, Format Version 12.00
# Visual Studio 15
VisualStudioVersion = 15.0.27004.2010
MinimumVisualStudioVersion = 10.0.40219.1
Project("{FAE04EC0-301F-11D3-BF4B-00C04F79EFBC}") = "Extensions", "Extensions\Extensions.csproj", "{1DA0120F-1EB2-450E-A311-F6588E27DC31}"
EndProject
Global
	GlobalSection(SolutionConfigurationPlatforms) = preSolution
		Debug|Any CPU = Debug|Any CPU
		Release|Any CPU = Release|Any CPU
	EndGlobalSection
	GlobalSection(ProjectConfigurationPlatforms) = postSolution
		{1DA0120F-1EB2-450E-A311-F6588E27DC31}.Debug|Any CPU.ActiveCfg = Debug|Any CPU
		{1DA0120F-1EB2-450E-A311-F6588E27DC31}.Debug|Any CPU.Build.0 = Debug|Any CPU
		{1DA0120F-1EB2-450E-A311-F6588E27DC31}.Release|Any CPU.ActiveCfg = Release|Any CPU
		{1DA0120F-1EB2-450E-A311-F6588E27DC31}.Release|Any CPU.Build.0 = Release|Any CPU
	EndGlobalSection
	GlobalSection(SolutionProperties) = preSolution
		HideSolutionNode = FALSE
	EndGlobalSection
	GlobalSection(ExtensibilityGlobals) = postSolution
		SolutionGuid = {CBF4B43B-73A2-400D-BA1D-0399DB7D7D5A}
	EndGlobalSection
EndGlobal
