
Microsoft Visual Studio Solution File, Format Version 12.00
# Visual Studio 14
VisualStudioVersion = 14.0.22310.1
MinimumVisualStudioVersion = 10.0.40219.1
Project("{FAE04EC0-301F-11D3-BF4B-00C04F79EFBC}") = "Navigation", "Navigation.csproj", "{71F7F972-C9E2-4F3A-A8BE-E3733A8832DB}"
EndProject
Global
	GlobalSection(SolutionConfigurationPlatforms) = preSolution
		Debug|Any CPU = Debug|Any CPU
		Debug|ARM = Debug|ARM
		Debug|x86 = Debug|x86
		Release|Any CPU = Release|Any CPU
		Release|ARM = Release|ARM
		Release|x86 = Release|x86
	EndGlobalSection
	GlobalSection(ProjectConfigurationPlatforms) = postSolution
		{71F7F972-C9E2-4F3A-A8BE-E3733A8832DB}.Debug|Any CPU.ActiveCfg = Debug|Any CPU
		{71F7F972-C9E2-4F3A-A8BE-E3733A8832DB}.Debug|Any CPU.Build.0 = Debug|Any CPU
		{71F7F972-C9E2-4F3A-A8BE-E3733A8832DB}.Debug|Any CPU.Deploy.0 = Debug|Any CPU
		{71F7F972-C9E2-4F3A-A8BE-E3733A8832DB}.Debug|ARM.ActiveCfg = Debug|ARM
		{71F7F972-C9E2-4F3A-A8BE-E3733A8832DB}.Debug|ARM.Build.0 = Debug|ARM
		{71F7F972-C9E2-4F3A-A8BE-E3733A8832DB}.Debug|ARM.Deploy.0 = Debug|ARM
		{71F7F972-C9E2-4F3A-A8BE-E3733A8832DB}.Debug|x86.ActiveCfg = Debug|x86
		{71F7F972-C9E2-4F3A-A8BE-E3733A8832DB}.Debug|x86.Build.0 = Debug|x86
		{71F7F972-C9E2-4F3A-A8BE-E3733A8832DB}.Debug|x86.Deploy.0 = Debug|x86
		{71F7F972-C9E2-4F3A-A8BE-E3733A8832DB}.Release|Any CPU.ActiveCfg = Release|Any CPU
		{71F7F972-C9E2-4F3A-A8BE-E3733A8832DB}.Release|Any CPU.Build.0 = Release|Any CPU
		{71F7F972-C9E2-4F3A-A8BE-E3733A8832DB}.Release|Any CPU.Deploy.0 = Release|Any CPU
		{71F7F972-C9E2-4F3A-A8BE-E3733A8832DB}.Release|ARM.ActiveCfg = Release|ARM
		{71F7F972-C9E2-4F3A-A8BE-E3733A8832DB}.Release|ARM.Build.0 = Release|ARM
		{71F7F972-C9E2-4F3A-A8BE-E3733A8832DB}.Release|ARM.Deploy.0 = Release|ARM
		{71F7F972-C9E2-4F3A-A8BE-E3733A8832DB}.Release|x86.ActiveCfg = Release|x86
		{71F7F972-C9E2-4F3A-A8BE-E3733A8832DB}.Release|x86.Build.0 = Release|x86
		{71F7F972-C9E2-4F3A-A8BE-E3733A8832DB}.Release|x86.Deploy.0 = Release|x86
	EndGlobalSection
	GlobalSection(SolutionProperties) = preSolution
		HideSolutionNode = FALSE
	EndGlobalSection
EndGlobal
