
Microsoft Visual Studio Solution File, Format Version 12.00
# Visual Studio 2012
Project("{FAE04EC0-301F-11D3-BF4B-00C04F79EFBC}") = "Conversion", "Conversion\Conversion.csproj", "{B886C004-C5EF-457E-A4F9-BE58E209C4EF}"
EndProject
Project("{2150E333-8FDC-42A3-9474-1A3956D46DE8}") = "Solution Items", "Solution Items", "{EA5863F1-1493-4364-8934-379D2C4DC749}"
	ProjectSection(SolutionItems) = preProject
		Index.txt = Index.txt
	EndProjectSection
EndProject
Project("{FAE04EC0-301F-11D3-BF4B-00C04F79EFBC}") = "Null Coalescing", "Null Coalescing\Null Coalescing.csproj", "{8B82157E-3CDC-4FFE-9A64-27C42700F48B}"
EndProject
Project("{FAE04EC0-301F-11D3-BF4B-00C04F79EFBC}") = "Bitwise Operators", "Bitwise Operators\Bitwise Operators.csproj", "{37A8D345-947F-4265-91D3-D87C90B0606A}"
EndProject
Global
	GlobalSection(SolutionConfigurationPlatforms) = preSolution
		Debug|Any CPU = Debug|Any CPU
		Release|Any CPU = Release|Any CPU
	EndGlobalSection
	GlobalSection(ProjectConfigurationPlatforms) = postSolution
		{B886C004-C5EF-457E-A4F9-BE58E209C4EF}.Debug|Any CPU.ActiveCfg = Debug|Any CPU
		{B886C004-C5EF-457E-A4F9-BE58E209C4EF}.Debug|Any CPU.Build.0 = Debug|Any CPU
		{B886C004-C5EF-457E-A4F9-BE58E209C4EF}.Release|Any CPU.ActiveCfg = Release|Any CPU
		{B886C004-C5EF-457E-A4F9-BE58E209C4EF}.Release|Any CPU.Build.0 = Release|Any CPU
		{8B82157E-3CDC-4FFE-9A64-27C42700F48B}.Debug|Any CPU.ActiveCfg = Debug|Any CPU
		{8B82157E-3CDC-4FFE-9A64-27C42700F48B}.Debug|Any CPU.Build.0 = Debug|Any CPU
		{8B82157E-3CDC-4FFE-9A64-27C42700F48B}.Release|Any CPU.ActiveCfg = Release|Any CPU
		{8B82157E-3CDC-4FFE-9A64-27C42700F48B}.Release|Any CPU.Build.0 = Release|Any CPU
		{37A8D345-947F-4265-91D3-D87C90B0606A}.Debug|Any CPU.ActiveCfg = Debug|Any CPU
		{37A8D345-947F-4265-91D3-D87C90B0606A}.Debug|Any CPU.Build.0 = Debug|Any CPU
		{37A8D345-947F-4265-91D3-D87C90B0606A}.Release|Any CPU.ActiveCfg = Release|Any CPU
		{37A8D345-947F-4265-91D3-D87C90B0606A}.Release|Any CPU.Build.0 = Release|Any CPU
	EndGlobalSection
	GlobalSection(SolutionProperties) = preSolution
		HideSolutionNode = FALSE
	EndGlobalSection
EndGlobal
