
Microsoft Visual Studio Solution File, Format Version 12.00
# Visual Studio 2012
Project("{FAE04EC0-301F-11D3-BF4B-00C04F79EFBC}") = "Introduction", "Introduction\Introduction.csproj", "{26C96D74-A58C-4C09-A9C1-B0AB07013B28}"
EndProject
Project("{FAE04EC0-301F-11D3-BF4B-00C04F79EFBC}") = "Async with WPF", "Async with WPF\Async with WPF.csproj", "{934B16D2-5579-47EE-9936-D733169F1C14}"
EndProject
Project("{FAE04EC0-301F-11D3-BF4B-00C04F79EFBC}") = "Stock Holdings App", "Stock Holdings App\Stock Holdings App.csproj", "{C24E88E0-F8F3-4FBD-B41B-C87CBC3A3FFD}"
EndProject
Project("{2150E333-8FDC-42A3-9474-1A3956D46DE8}") = "Solution Items", "Solution Items", "{D2DF0DC4-B244-4884-84D2-B5C845B77675}"
	ProjectSection(SolutionItems) = preProject
		Index.txt = Index.txt
	EndProjectSection
EndProject
Global
	GlobalSection(SolutionConfigurationPlatforms) = preSolution
		Debug|Any CPU = Debug|Any CPU
		Release|Any CPU = Release|Any CPU
	EndGlobalSection
	GlobalSection(ProjectConfigurationPlatforms) = postSolution
		{26C96D74-A58C-4C09-A9C1-B0AB07013B28}.Debug|Any CPU.ActiveCfg = Debug|Any CPU
		{26C96D74-A58C-4C09-A9C1-B0AB07013B28}.Debug|Any CPU.Build.0 = Debug|Any CPU
		{26C96D74-A58C-4C09-A9C1-B0AB07013B28}.Release|Any CPU.ActiveCfg = Release|Any CPU
		{26C96D74-A58C-4C09-A9C1-B0AB07013B28}.Release|Any CPU.Build.0 = Release|Any CPU
		{934B16D2-5579-47EE-9936-D733169F1C14}.Debug|Any CPU.ActiveCfg = Debug|Any CPU
		{934B16D2-5579-47EE-9936-D733169F1C14}.Debug|Any CPU.Build.0 = Debug|Any CPU
		{934B16D2-5579-47EE-9936-D733169F1C14}.Release|Any CPU.ActiveCfg = Release|Any CPU
		{934B16D2-5579-47EE-9936-D733169F1C14}.Release|Any CPU.Build.0 = Release|Any CPU
		{C24E88E0-F8F3-4FBD-B41B-C87CBC3A3FFD}.Debug|Any CPU.ActiveCfg = Debug|Any CPU
		{C24E88E0-F8F3-4FBD-B41B-C87CBC3A3FFD}.Debug|Any CPU.Build.0 = Debug|Any CPU
		{C24E88E0-F8F3-4FBD-B41B-C87CBC3A3FFD}.Release|Any CPU.ActiveCfg = Release|Any CPU
		{C24E88E0-F8F3-4FBD-B41B-C87CBC3A3FFD}.Release|Any CPU.Build.0 = Release|Any CPU
	EndGlobalSection
	GlobalSection(SolutionProperties) = preSolution
		HideSolutionNode = FALSE
	EndGlobalSection
EndGlobal
