
Microsoft Visual Studio Solution File, Format Version 12.00
# Visual Studio 2012
Project("{2150E333-8FDC-42A3-9474-1A3956D46DE8}") = "Solution Items", "Solution Items", "{532F271D-7081-45B4-933C-5400B8EC0E2C}"
	ProjectSection(SolutionItems) = preProject
		ReadMe.txt = ReadMe.txt
	EndProjectSection
EndProject
Project("{2150E333-8FDC-42A3-9474-1A3956D46DE8}") = "01. Concrete Class Vs Abstract Class Vs Interface", "01. Concrete Class Vs Abstract Class Vs Interface", "{DD4A10F6-DD40-4EE1-9FBB-6B38E0A00750}"
EndProject
Project("{2150E333-8FDC-42A3-9474-1A3956D46DE8}") = "02. Future Proof", "02. Future Proof", "{3EB24941-B6FE-43C1-B3B4-55B2FB0447D8}"
EndProject
Project("{2150E333-8FDC-42A3-9474-1A3956D46DE8}") = "04. Explicit Interface", "04. Explicit Interface", "{2DE6F1AE-F328-479E-B432-A0037F3B4C28}"
EndProject
Project("{2150E333-8FDC-42A3-9474-1A3956D46DE8}") = "03. Extensibility", "03. Extensibility", "{60F1C07A-7EB9-4E42-891D-B919187E9526}"
EndProject
Project("{FAE04EC0-301F-11D3-BF4B-00C04F79EFBC}") = "CustomerRepository.Interface", "Extensibility\CustomerRepository.Interface\CustomerRepository.Interface.csproj", "{9F2916C2-299B-4A73-96F2-139EEC7ECF7C}"
EndProject
Project("{FAE04EC0-301F-11D3-BF4B-00C04F79EFBC}") = "CustomerRepository.SQL", "Extensibility\CustomerRepository.SQL\CustomerRepository.SQL.csproj", "{9D44E1E8-1823-4832-AAE0-350FF3CE1DAD}"
EndProject
Project("{FAE04EC0-301F-11D3-BF4B-00C04F79EFBC}") = "CustomerViewer", "Extensibility\CustomerViewer\CustomerViewer.csproj", "{BEFA796E-4AE4-48AB-982D-4A7C5AE93657}"
EndProject
Project("{FAE04EC0-301F-11D3-BF4B-00C04F79EFBC}") = "ExplicitImplementation", "Explicit Interface\ExplicitImplementation\ExplicitImplementation.csproj", "{74BCD523-B1FE-4522-84D3-EACD87F60A47}"
EndProject
Project("{FAE04EC0-301F-11D3-BF4B-00C04F79EFBC}") = "CustomerRepository.XML", "Extensibility\CustomerRepository.XML\CustomerRepository.XML.csproj", "{F2D65A6A-3400-404B-B245-A2F11F3B6DE7}"
EndProject
Project("{2150E333-8FDC-42A3-9474-1A3956D46DE8}") = "05. Dynamic Loading", "05. Dynamic Loading", "{D8CF7595-3F3B-43D2-A9E6-6409D34E6AE1}"
EndProject
Project("{FAE04EC0-301F-11D3-BF4B-00C04F79EFBC}") = "CustomerRepository.Interface", "Dynamic Loading\CustomerRepository.Interface\CustomerRepository.Interface.csproj", "{52DC8809-A522-4AF1-8325-2A2407A853B1}"
EndProject
Project("{FAE04EC0-301F-11D3-BF4B-00C04F79EFBC}") = "CustomerRepository.SQL", "Dynamic Loading\CustomerRepository.SQL\CustomerRepository.SQL.csproj", "{DB7A99E4-7578-4158-A5F9-33882F82ED22}"
EndProject
Project("{FAE04EC0-301F-11D3-BF4B-00C04F79EFBC}") = "CustomerRepository.XML", "Dynamic Loading\CustomerRepository.XML\CustomerRepository.XML.csproj", "{7ED65080-57BE-46D9-905E-39CC9EF4A0F9}"
EndProject
Project("{FAE04EC0-301F-11D3-BF4B-00C04F79EFBC}") = "CustomerViewer", "Dynamic Loading\CustomerViewer\CustomerViewer.csproj", "{58F7EB77-712F-435B-9D35-6FC9AEE9131E}"
EndProject
Project("{2150E333-8FDC-42A3-9474-1A3956D46DE8}") = "06. MVVM", "06. MVVM", "{354104BE-9B09-4102-93D0-8E21CA781B72}"
EndProject
Project("{FAE04EC0-301F-11D3-BF4B-00C04F79EFBC}") = "CustomerViewer", "MVVM\CustomerViewer\CustomerViewer.csproj", "{AE5A20E8-E41E-44A8-A693-D321A41F8DEB}"
EndProject
Project("{FAE04EC0-301F-11D3-BF4B-00C04F79EFBC}") = "CustomerRepository.Interface", "MVVM\CustomerRepository.Interface\CustomerRepository.Interface.csproj", "{C39BA790-51BF-484D-8FBC-0FE69F2066F7}"
EndProject
Project("{FAE04EC0-301F-11D3-BF4B-00C04F79EFBC}") = "CustomerRepository.SQL", "MVVM\CustomerRepository.SQL\CustomerRepository.SQL.csproj", "{233FB4F9-95CE-4D55-9CAB-FF3CD6777BC3}"
EndProject
Project("{FAE04EC0-301F-11D3-BF4B-00C04F79EFBC}") = "CustomerRepository.XML", "MVVM\CustomerRepository.XML\CustomerRepository.XML.csproj", "{EDF3346C-836F-47AD-8DA6-EB2ED779439B}"
EndProject
Project("{FAE04EC0-301F-11D3-BF4B-00C04F79EFBC}") = "CustomerRepository.Fake", "MVVM\CustomerRepository.Fake\CustomerRepository.Fake.csproj", "{DC99131D-C66F-43F4-B5E0-18E5169328BA}"
EndProject
Project("{FAE04EC0-301F-11D3-BF4B-00C04F79EFBC}") = "CustomerRepository.ViewModel", "MVVM\CustomerRepository.ViewModel\CustomerRepository.ViewModel.csproj", "{00475650-DA71-4705-8210-5C522DEDA1B5}"
EndProject
Project("{FAE04EC0-301F-11D3-BF4B-00C04F79EFBC}") = "CustomerViewer.Test", "MVVM\CustomerViewer.Test\CustomerViewer.Test.csproj", "{788D1446-DCEE-445F-8086-C6B748D47F12}"
EndProject
Project("{2150E333-8FDC-42A3-9474-1A3956D46DE8}") = "Interface Comparer", "Interface Comparer", "{73DA6F73-722B-4835-939C-8A759AB23737}"
EndProject
Project("{FAE04EC0-301F-11D3-BF4B-00C04F79EFBC}") = "InterfaceComparer", "Interfce Comparer\InterfaceComparer\InterfaceComparer.csproj", "{73317D94-EC69-47AC-A968-43B3E4A6B6DE}"
EndProject
Project("{FAE04EC0-301F-11D3-BF4B-00C04F79EFBC}") = "CustomerRepository.CSV", "Extensibility\CustomerRepository.CSV\CustomerRepository.CSV.csproj", "{483BB6BA-3765-4967-B681-B7AFB2D31BC5}"
EndProject
Project("{FAE04EC0-301F-11D3-BF4B-00C04F79EFBC}") = "Abstract Class", "Concrete Class Vs Abstract Class Vs Interface\Abstract Class\Abstract Class.csproj", "{75EBB696-3128-48D5-BBFC-294F1DBE4935}"
EndProject
Project("{FAE04EC0-301F-11D3-BF4B-00C04F79EFBC}") = "Concrete Class", "Concrete Class Vs Abstract Class Vs Interface\Concrete Class\Concrete Class.csproj", "{698B2EC8-00B9-4C69-B46A-A43C522A48AF}"
EndProject
Project("{FAE04EC0-301F-11D3-BF4B-00C04F79EFBC}") = "Interface", "Concrete Class Vs Abstract Class Vs Interface\Interface\Interface.csproj", "{70AA89EE-24D8-4ABB-A851-BBF04854DE26}"
EndProject
Project("{FAE04EC0-301F-11D3-BF4B-00C04F79EFBC}") = "Interface Future Proofing", "Future Proof\Interface Future Proofing\Interface Future Proofing.csproj", "{6049D5BB-1676-4ABF-AB90-43933B607B9A}"
EndProject
Global
	GlobalSection(SolutionConfigurationPlatforms) = preSolution
		Debug|Any CPU = Debug|Any CPU
		Release|Any CPU = Release|Any CPU
	EndGlobalSection
	GlobalSection(ProjectConfigurationPlatforms) = postSolution
		{9F2916C2-299B-4A73-96F2-139EEC7ECF7C}.Debug|Any CPU.ActiveCfg = Debug|Any CPU
		{9F2916C2-299B-4A73-96F2-139EEC7ECF7C}.Debug|Any CPU.Build.0 = Debug|Any CPU
		{9F2916C2-299B-4A73-96F2-139EEC7ECF7C}.Release|Any CPU.ActiveCfg = Release|Any CPU
		{9F2916C2-299B-4A73-96F2-139EEC7ECF7C}.Release|Any CPU.Build.0 = Release|Any CPU
		{9D44E1E8-1823-4832-AAE0-350FF3CE1DAD}.Debug|Any CPU.ActiveCfg = Debug|Any CPU
		{9D44E1E8-1823-4832-AAE0-350FF3CE1DAD}.Debug|Any CPU.Build.0 = Debug|Any CPU
		{9D44E1E8-1823-4832-AAE0-350FF3CE1DAD}.Release|Any CPU.ActiveCfg = Release|Any CPU
		{9D44E1E8-1823-4832-AAE0-350FF3CE1DAD}.Release|Any CPU.Build.0 = Release|Any CPU
		{BEFA796E-4AE4-48AB-982D-4A7C5AE93657}.Debug|Any CPU.ActiveCfg = Debug|Any CPU
		{BEFA796E-4AE4-48AB-982D-4A7C5AE93657}.Debug|Any CPU.Build.0 = Debug|Any CPU
		{BEFA796E-4AE4-48AB-982D-4A7C5AE93657}.Release|Any CPU.ActiveCfg = Release|Any CPU
		{BEFA796E-4AE4-48AB-982D-4A7C5AE93657}.Release|Any CPU.Build.0 = Release|Any CPU
		{74BCD523-B1FE-4522-84D3-EACD87F60A47}.Debug|Any CPU.ActiveCfg = Debug|Any CPU
		{74BCD523-B1FE-4522-84D3-EACD87F60A47}.Debug|Any CPU.Build.0 = Debug|Any CPU
		{74BCD523-B1FE-4522-84D3-EACD87F60A47}.Release|Any CPU.ActiveCfg = Release|Any CPU
		{74BCD523-B1FE-4522-84D3-EACD87F60A47}.Release|Any CPU.Build.0 = Release|Any CPU
		{F2D65A6A-3400-404B-B245-A2F11F3B6DE7}.Debug|Any CPU.ActiveCfg = Debug|Any CPU
		{F2D65A6A-3400-404B-B245-A2F11F3B6DE7}.Debug|Any CPU.Build.0 = Debug|Any CPU
		{F2D65A6A-3400-404B-B245-A2F11F3B6DE7}.Release|Any CPU.ActiveCfg = Release|Any CPU
		{F2D65A6A-3400-404B-B245-A2F11F3B6DE7}.Release|Any CPU.Build.0 = Release|Any CPU
		{52DC8809-A522-4AF1-8325-2A2407A853B1}.Debug|Any CPU.ActiveCfg = Debug|Any CPU
		{52DC8809-A522-4AF1-8325-2A2407A853B1}.Debug|Any CPU.Build.0 = Debug|Any CPU
		{52DC8809-A522-4AF1-8325-2A2407A853B1}.Release|Any CPU.ActiveCfg = Release|Any CPU
		{52DC8809-A522-4AF1-8325-2A2407A853B1}.Release|Any CPU.Build.0 = Release|Any CPU
		{DB7A99E4-7578-4158-A5F9-33882F82ED22}.Debug|Any CPU.ActiveCfg = Debug|Any CPU
		{DB7A99E4-7578-4158-A5F9-33882F82ED22}.Debug|Any CPU.Build.0 = Debug|Any CPU
		{DB7A99E4-7578-4158-A5F9-33882F82ED22}.Release|Any CPU.ActiveCfg = Release|Any CPU
		{DB7A99E4-7578-4158-A5F9-33882F82ED22}.Release|Any CPU.Build.0 = Release|Any CPU
		{7ED65080-57BE-46D9-905E-39CC9EF4A0F9}.Debug|Any CPU.ActiveCfg = Debug|Any CPU
		{7ED65080-57BE-46D9-905E-39CC9EF4A0F9}.Debug|Any CPU.Build.0 = Debug|Any CPU
		{7ED65080-57BE-46D9-905E-39CC9EF4A0F9}.Release|Any CPU.ActiveCfg = Release|Any CPU
		{7ED65080-57BE-46D9-905E-39CC9EF4A0F9}.Release|Any CPU.Build.0 = Release|Any CPU
		{58F7EB77-712F-435B-9D35-6FC9AEE9131E}.Debug|Any CPU.ActiveCfg = Debug|Any CPU
		{58F7EB77-712F-435B-9D35-6FC9AEE9131E}.Debug|Any CPU.Build.0 = Debug|Any CPU
		{58F7EB77-712F-435B-9D35-6FC9AEE9131E}.Release|Any CPU.ActiveCfg = Release|Any CPU
		{58F7EB77-712F-435B-9D35-6FC9AEE9131E}.Release|Any CPU.Build.0 = Release|Any CPU
		{AE5A20E8-E41E-44A8-A693-D321A41F8DEB}.Debug|Any CPU.ActiveCfg = Debug|Any CPU
		{AE5A20E8-E41E-44A8-A693-D321A41F8DEB}.Debug|Any CPU.Build.0 = Debug|Any CPU
		{AE5A20E8-E41E-44A8-A693-D321A41F8DEB}.Release|Any CPU.ActiveCfg = Release|Any CPU
		{AE5A20E8-E41E-44A8-A693-D321A41F8DEB}.Release|Any CPU.Build.0 = Release|Any CPU
		{C39BA790-51BF-484D-8FBC-0FE69F2066F7}.Debug|Any CPU.ActiveCfg = Debug|Any CPU
		{C39BA790-51BF-484D-8FBC-0FE69F2066F7}.Debug|Any CPU.Build.0 = Debug|Any CPU
		{C39BA790-51BF-484D-8FBC-0FE69F2066F7}.Release|Any CPU.ActiveCfg = Release|Any CPU
		{C39BA790-51BF-484D-8FBC-0FE69F2066F7}.Release|Any CPU.Build.0 = Release|Any CPU
		{233FB4F9-95CE-4D55-9CAB-FF3CD6777BC3}.Debug|Any CPU.ActiveCfg = Debug|Any CPU
		{233FB4F9-95CE-4D55-9CAB-FF3CD6777BC3}.Debug|Any CPU.Build.0 = Debug|Any CPU
		{233FB4F9-95CE-4D55-9CAB-FF3CD6777BC3}.Release|Any CPU.ActiveCfg = Release|Any CPU
		{233FB4F9-95CE-4D55-9CAB-FF3CD6777BC3}.Release|Any CPU.Build.0 = Release|Any CPU
		{EDF3346C-836F-47AD-8DA6-EB2ED779439B}.Debug|Any CPU.ActiveCfg = Debug|Any CPU
		{EDF3346C-836F-47AD-8DA6-EB2ED779439B}.Debug|Any CPU.Build.0 = Debug|Any CPU
		{EDF3346C-836F-47AD-8DA6-EB2ED779439B}.Release|Any CPU.ActiveCfg = Release|Any CPU
		{EDF3346C-836F-47AD-8DA6-EB2ED779439B}.Release|Any CPU.Build.0 = Release|Any CPU
		{DC99131D-C66F-43F4-B5E0-18E5169328BA}.Debug|Any CPU.ActiveCfg = Debug|Any CPU
		{DC99131D-C66F-43F4-B5E0-18E5169328BA}.Debug|Any CPU.Build.0 = Debug|Any CPU
		{DC99131D-C66F-43F4-B5E0-18E5169328BA}.Release|Any CPU.ActiveCfg = Release|Any CPU
		{DC99131D-C66F-43F4-B5E0-18E5169328BA}.Release|Any CPU.Build.0 = Release|Any CPU
		{00475650-DA71-4705-8210-5C522DEDA1B5}.Debug|Any CPU.ActiveCfg = Debug|Any CPU
		{00475650-DA71-4705-8210-5C522DEDA1B5}.Debug|Any CPU.Build.0 = Debug|Any CPU
		{00475650-DA71-4705-8210-5C522DEDA1B5}.Release|Any CPU.ActiveCfg = Release|Any CPU
		{00475650-DA71-4705-8210-5C522DEDA1B5}.Release|Any CPU.Build.0 = Release|Any CPU
		{788D1446-DCEE-445F-8086-C6B748D47F12}.Debug|Any CPU.ActiveCfg = Debug|Any CPU
		{788D1446-DCEE-445F-8086-C6B748D47F12}.Debug|Any CPU.Build.0 = Debug|Any CPU
		{788D1446-DCEE-445F-8086-C6B748D47F12}.Release|Any CPU.ActiveCfg = Release|Any CPU
		{788D1446-DCEE-445F-8086-C6B748D47F12}.Release|Any CPU.Build.0 = Release|Any CPU
		{73317D94-EC69-47AC-A968-43B3E4A6B6DE}.Debug|Any CPU.ActiveCfg = Debug|Any CPU
		{73317D94-EC69-47AC-A968-43B3E4A6B6DE}.Debug|Any CPU.Build.0 = Debug|Any CPU
		{73317D94-EC69-47AC-A968-43B3E4A6B6DE}.Release|Any CPU.ActiveCfg = Release|Any CPU
		{73317D94-EC69-47AC-A968-43B3E4A6B6DE}.Release|Any CPU.Build.0 = Release|Any CPU
		{483BB6BA-3765-4967-B681-B7AFB2D31BC5}.Debug|Any CPU.ActiveCfg = Debug|Any CPU
		{483BB6BA-3765-4967-B681-B7AFB2D31BC5}.Debug|Any CPU.Build.0 = Debug|Any CPU
		{483BB6BA-3765-4967-B681-B7AFB2D31BC5}.Release|Any CPU.ActiveCfg = Release|Any CPU
		{483BB6BA-3765-4967-B681-B7AFB2D31BC5}.Release|Any CPU.Build.0 = Release|Any CPU
		{75EBB696-3128-48D5-BBFC-294F1DBE4935}.Debug|Any CPU.ActiveCfg = Debug|Any CPU
		{75EBB696-3128-48D5-BBFC-294F1DBE4935}.Debug|Any CPU.Build.0 = Debug|Any CPU
		{75EBB696-3128-48D5-BBFC-294F1DBE4935}.Release|Any CPU.ActiveCfg = Release|Any CPU
		{75EBB696-3128-48D5-BBFC-294F1DBE4935}.Release|Any CPU.Build.0 = Release|Any CPU
		{698B2EC8-00B9-4C69-B46A-A43C522A48AF}.Debug|Any CPU.ActiveCfg = Debug|Any CPU
		{698B2EC8-00B9-4C69-B46A-A43C522A48AF}.Debug|Any CPU.Build.0 = Debug|Any CPU
		{698B2EC8-00B9-4C69-B46A-A43C522A48AF}.Release|Any CPU.ActiveCfg = Release|Any CPU
		{698B2EC8-00B9-4C69-B46A-A43C522A48AF}.Release|Any CPU.Build.0 = Release|Any CPU
		{70AA89EE-24D8-4ABB-A851-BBF04854DE26}.Debug|Any CPU.ActiveCfg = Debug|Any CPU
		{70AA89EE-24D8-4ABB-A851-BBF04854DE26}.Debug|Any CPU.Build.0 = Debug|Any CPU
		{70AA89EE-24D8-4ABB-A851-BBF04854DE26}.Release|Any CPU.ActiveCfg = Release|Any CPU
		{70AA89EE-24D8-4ABB-A851-BBF04854DE26}.Release|Any CPU.Build.0 = Release|Any CPU
		{6049D5BB-1676-4ABF-AB90-43933B607B9A}.Debug|Any CPU.ActiveCfg = Debug|Any CPU
		{6049D5BB-1676-4ABF-AB90-43933B607B9A}.Debug|Any CPU.Build.0 = Debug|Any CPU
		{6049D5BB-1676-4ABF-AB90-43933B607B9A}.Release|Any CPU.ActiveCfg = Release|Any CPU
		{6049D5BB-1676-4ABF-AB90-43933B607B9A}.Release|Any CPU.Build.0 = Release|Any CPU
	EndGlobalSection
	GlobalSection(SolutionProperties) = preSolution
		HideSolutionNode = FALSE
	EndGlobalSection
	GlobalSection(NestedProjects) = preSolution
		{75EBB696-3128-48D5-BBFC-294F1DBE4935} = {DD4A10F6-DD40-4EE1-9FBB-6B38E0A00750}
		{698B2EC8-00B9-4C69-B46A-A43C522A48AF} = {DD4A10F6-DD40-4EE1-9FBB-6B38E0A00750}
		{70AA89EE-24D8-4ABB-A851-BBF04854DE26} = {DD4A10F6-DD40-4EE1-9FBB-6B38E0A00750}
		{6049D5BB-1676-4ABF-AB90-43933B607B9A} = {3EB24941-B6FE-43C1-B3B4-55B2FB0447D8}
		{74BCD523-B1FE-4522-84D3-EACD87F60A47} = {2DE6F1AE-F328-479E-B432-A0037F3B4C28}
		{9F2916C2-299B-4A73-96F2-139EEC7ECF7C} = {60F1C07A-7EB9-4E42-891D-B919187E9526}
		{9D44E1E8-1823-4832-AAE0-350FF3CE1DAD} = {60F1C07A-7EB9-4E42-891D-B919187E9526}
		{BEFA796E-4AE4-48AB-982D-4A7C5AE93657} = {60F1C07A-7EB9-4E42-891D-B919187E9526}
		{F2D65A6A-3400-404B-B245-A2F11F3B6DE7} = {60F1C07A-7EB9-4E42-891D-B919187E9526}
		{483BB6BA-3765-4967-B681-B7AFB2D31BC5} = {60F1C07A-7EB9-4E42-891D-B919187E9526}
		{52DC8809-A522-4AF1-8325-2A2407A853B1} = {D8CF7595-3F3B-43D2-A9E6-6409D34E6AE1}
		{DB7A99E4-7578-4158-A5F9-33882F82ED22} = {D8CF7595-3F3B-43D2-A9E6-6409D34E6AE1}
		{7ED65080-57BE-46D9-905E-39CC9EF4A0F9} = {D8CF7595-3F3B-43D2-A9E6-6409D34E6AE1}
		{58F7EB77-712F-435B-9D35-6FC9AEE9131E} = {D8CF7595-3F3B-43D2-A9E6-6409D34E6AE1}
		{AE5A20E8-E41E-44A8-A693-D321A41F8DEB} = {354104BE-9B09-4102-93D0-8E21CA781B72}
		{C39BA790-51BF-484D-8FBC-0FE69F2066F7} = {354104BE-9B09-4102-93D0-8E21CA781B72}
		{233FB4F9-95CE-4D55-9CAB-FF3CD6777BC3} = {354104BE-9B09-4102-93D0-8E21CA781B72}
		{EDF3346C-836F-47AD-8DA6-EB2ED779439B} = {354104BE-9B09-4102-93D0-8E21CA781B72}
		{DC99131D-C66F-43F4-B5E0-18E5169328BA} = {354104BE-9B09-4102-93D0-8E21CA781B72}
		{00475650-DA71-4705-8210-5C522DEDA1B5} = {354104BE-9B09-4102-93D0-8E21CA781B72}
		{788D1446-DCEE-445F-8086-C6B748D47F12} = {354104BE-9B09-4102-93D0-8E21CA781B72}
		{73317D94-EC69-47AC-A968-43B3E4A6B6DE} = {73DA6F73-722B-4835-939C-8A759AB23737}
	EndGlobalSection
EndGlobal
