
Microsoft Visual Studio Solution File, Format Version 12.00
# Visual Studio 2012
Project("{FAE04EC0-301F-11D3-BF4B-00C04F79EFBC}") = "Namespace Aliases", "Namespace Aliases\Namespace Aliases.csproj", "{B2692034-DE94-43D3-A381-2CEEBC99CAEF}"
EndProject
Project("{FAE04EC0-301F-11D3-BF4B-00C04F79EFBC}") = "Global Namespace Alias", "Global Namespace Alias\Global Namespace Alias.csproj", "{A5547609-2F9B-486E-AEA7-C5B1F9C0E9F6}"
EndProject
Project("{2150E333-8FDC-42A3-9474-1A3956D46DE8}") = "Solution Items", "Solution Items", "{F611028D-D992-4C64-9A88-4DA66BB18376}"
	ProjectSection(SolutionItems) = preProject
		Index.txt = Index.txt
	EndProjectSection
EndProject
Global
	GlobalSection(SolutionConfigurationPlatforms) = preSolution
		Debug|Any CPU = Debug|Any CPU
		Release|Any CPU = Release|Any CPU
	EndGlobalSection
	GlobalSection(ProjectConfigurationPlatforms) = postSolution
		{B2692034-DE94-43D3-A381-2CEEBC99CAEF}.Debug|Any CPU.ActiveCfg = Debug|Any CPU
		{B2692034-DE94-43D3-A381-2CEEBC99CAEF}.Debug|Any CPU.Build.0 = Debug|Any CPU
		{B2692034-DE94-43D3-A381-2CEEBC99CAEF}.Release|Any CPU.ActiveCfg = Release|Any CPU
		{B2692034-DE94-43D3-A381-2CEEBC99CAEF}.Release|Any CPU.Build.0 = Release|Any CPU
		{A5547609-2F9B-486E-AEA7-C5B1F9C0E9F6}.Debug|Any CPU.ActiveCfg = Debug|Any CPU
		{A5547609-2F9B-486E-AEA7-C5B1F9C0E9F6}.Debug|Any CPU.Build.0 = Debug|Any CPU
		{A5547609-2F9B-486E-AEA7-C5B1F9C0E9F6}.Release|Any CPU.ActiveCfg = Release|Any CPU
		{A5547609-2F9B-486E-AEA7-C5B1F9C0E9F6}.Release|Any CPU.Build.0 = Release|Any CPU
	EndGlobalSection
	GlobalSection(SolutionProperties) = preSolution
		HideSolutionNode = FALSE
	EndGlobalSection
EndGlobal
