
Microsoft Visual Studio Solution File, Format Version 12.00
# Visual Studio 14
VisualStudioVersion = 14.0.23107.0
MinimumVisualStudioVersion = 10.0.40219.1
Project("{2150E333-8FDC-42A3-9474-1A3956D46DE8}") = "Solution Items", "Solution Items", "{FBFF2E05-80E9-49B6-BBD5-FB157FA4BE36}"
	ProjectSection(SolutionItems) = preProject
		Index.txt = Index.txt
	EndProjectSection
EndProject
Project("{2150E333-8FDC-42A3-9474-1A3956D46DE8}") = "Basic", "Basic", "{3C0EDA49-7B5A-4F3A-84B8-E4AA41E951E6}"
EndProject
Project("{FAE04EC0-301F-11D3-BF4B-00C04F79EFBC}") = "Introduction", "Basic\Introduction\Introduction.csproj", "{075ADA43-4892-4B0E-B045-44EDC9964762}"
EndProject
Project("{FAE04EC0-301F-11D3-BF4B-00C04F79EFBC}") = "Performance", "Basic\Performance\Performance.csproj", "{8B9D5D69-02C3-479C-BEAF-C0E6DAFBEFB1}"
EndProject
Project("{2150E333-8FDC-42A3-9474-1A3956D46DE8}") = "Constraints", "Constraints", "{69C609A2-77E7-4B07-B02D-685749B999EF}"
EndProject
Project("{2150E333-8FDC-42A3-9474-1A3956D46DE8}") = "Collections", "Collections", "{AF9E5A1D-397F-45C2-B836-C583A56D64E6}"
EndProject
Project("{2150E333-8FDC-42A3-9474-1A3956D46DE8}") = "Queue", "Queue", "{68D4560C-3CD4-4A9B-98B7-DCC95E8AD9FD}"
EndProject
Project("{2150E333-8FDC-42A3-9474-1A3956D46DE8}") = "Stack", "Stack", "{62A8B330-3B2F-4C30-8A9A-DD83C9EDCBFD}"
EndProject
Project("{2150E333-8FDC-42A3-9474-1A3956D46DE8}") = "List", "List", "{F3FF95DC-5DD7-4653-AF26-80BE46D59A72}"
EndProject
Project("{2150E333-8FDC-42A3-9474-1A3956D46DE8}") = "HashSet", "HashSet", "{5FAD3CD6-82B1-4BAA-A9FE-5BF180A42641}"
EndProject
Project("{2150E333-8FDC-42A3-9474-1A3956D46DE8}") = "LinkedList", "LinkedList", "{B821D527-26ED-4FB3-ABEA-E3BD2810885F}"
EndProject
Project("{2150E333-8FDC-42A3-9474-1A3956D46DE8}") = "Dictionary", "Dictionary", "{CE95D380-A3EF-4E29-88E5-B148A21FE61B}"
EndProject
Project("{2150E333-8FDC-42A3-9474-1A3956D46DE8}") = "SortedList", "SortedList", "{A845D85C-1D6D-4E5A-BEFC-A658CBAF039D}"
EndProject
Project("{2150E333-8FDC-42A3-9474-1A3956D46DE8}") = "SortedSet", "SortedSet", "{704AB781-630C-4274-978A-6DC58BD88DF4}"
EndProject
Project("{2150E333-8FDC-42A3-9474-1A3956D46DE8}") = "SortedDictionary", "SortedDictionary", "{C02DF48F-5F73-4CE4-BC73-D32F5E19CF15}"
EndProject
Project("{2150E333-8FDC-42A3-9474-1A3956D46DE8}") = "ConcurrentDictionary", "ConcurrentDictionary", "{56D91CA7-3ACE-4757-AB02-B7C899E56E4D}"
EndProject
Project("{2150E333-8FDC-42A3-9474-1A3956D46DE8}") = "ConcurrentQueue", "ConcurrentQueue", "{C2868A5A-7454-4B5F-9F5E-437824EC98D6}"
EndProject
Project("{2150E333-8FDC-42A3-9474-1A3956D46DE8}") = "ConcurrentStack", "ConcurrentStack", "{5936A934-8F90-41A3-A692-053C3AD916A4}"
EndProject
Project("{2150E333-8FDC-42A3-9474-1A3956D46DE8}") = "Reflection", "Reflection", "{8268DD8D-AB55-4EEF-8745-6B88AEB6592C}"
EndProject
Project("{2150E333-8FDC-42A3-9474-1A3956D46DE8}") = "Variance", "Variance", "{141E0F2A-D30F-455E-A518-46D59562C04E}"
EndProject
Project("{FAE04EC0-301F-11D3-BF4B-00C04F79EFBC}") = "Covariance", "Variance\Covariance\Covariance.csproj", "{4862F6A0-ECC6-4E8E-8613-173769DA1FAE}"
EndProject
Project("{FAE04EC0-301F-11D3-BF4B-00C04F79EFBC}") = "Contravariance", "Variance\Contravariance\Contravariance.csproj", "{52C75841-3690-470B-9EC7-BFEFD6F736EB}"
EndProject
Project("{FAE04EC0-301F-11D3-BF4B-00C04F79EFBC}") = "DefaultValue.Expression", "Basic\DefaultValue.Expression\DefaultValue.Expression.csproj", "{E3D03080-1000-42D5-ADF3-208EBB8D5388}"
EndProject
Project("{FAE04EC0-301F-11D3-BF4B-00C04F79EFBC}") = "Generic.Delegates", "Basic\Generic.Delegates\Generic.Delegates.csproj", "{494F1C17-0F89-41BC-91A5-A776AF2F5F63}"
EndProject
Project("{FAE04EC0-301F-11D3-BF4B-00C04F79EFBC}") = "Generic.Method", "Basic\Generic.Method\Generic.Method.csproj", "{830E8912-DCF8-434D-BF40-7E658D39A687}"
EndProject
Project("{FAE04EC0-301F-11D3-BF4B-00C04F79EFBC}") = "Generic.Type", "Basic\Generic.Type\Generic.Type.csproj", "{A548A5F0-0AB2-49E5-AB78-93841205BA49}"
EndProject
Project("{FAE04EC0-301F-11D3-BF4B-00C04F79EFBC}") = "Generic.Type.Overload", "Basic\Generic.Type.Overload\Generic.Type.Overload.csproj", "{18339A6A-5779-43A8-8340-AABF0A36B1BB}"
EndProject
Project("{FAE04EC0-301F-11D3-BF4B-00C04F79EFBC}") = "Generic.Type.With.Static.Fields", "Basic\Generic.Type.With.Static.Fields\Generic.Type.With.Static.Fields.csproj", "{C9A96138-4256-441E-9304-6AAED2973B96}"
EndProject
Project("{FAE04EC0-301F-11D3-BF4B-00C04F79EFBC}") = "ConcurrentDictionary.Collection", "Collections\ConcurrentDictionary\ConcurrentDictionary.Collection\ConcurrentDictionary.Collection.csproj", "{7C0EC118-2BE4-4ED0-91FA-611E8EC14314}"
EndProject
Project("{FAE04EC0-301F-11D3-BF4B-00C04F79EFBC}") = "ConcurrentDictionary.Collection.Tests", "Collections\ConcurrentDictionary\ConcurrentDictionary.Collection.Tests\ConcurrentDictionary.Collection.Tests.csproj", "{872289FA-A3CF-484B-A49C-9A10BFEA3CBA}"
EndProject
Project("{FAE04EC0-301F-11D3-BF4B-00C04F79EFBC}") = "ConcurrentQueue.Collection", "Collections\ConcurrentQueue\ConcurrentQueue.Collection\ConcurrentQueue.Collection.csproj", "{F82F26F6-236E-4ED0-9ECC-26E1DEDF758C}"
EndProject
Project("{FAE04EC0-301F-11D3-BF4B-00C04F79EFBC}") = "ConcurrentQueue.Collection.Tests", "Collections\ConcurrentQueue\ConcurrentQueue.Collection.Tests\ConcurrentQueue.Collection.Tests.csproj", "{7187339B-D6DC-49AD-8DA8-5B2F97F38175}"
EndProject
Project("{FAE04EC0-301F-11D3-BF4B-00C04F79EFBC}") = "ConcurrentStack.Collection", "Collections\ConcurrentStack\ConcurrentStack.Collection\ConcurrentStack.Collection.csproj", "{3E8C9169-6B89-4684-8C7D-65A50F94BC34}"
EndProject
Project("{FAE04EC0-301F-11D3-BF4B-00C04F79EFBC}") = "ConcurrentStack.Collection.Tests", "Collections\ConcurrentStack\ConcurrentStack.Collection.Tests\ConcurrentStack.Collection.Tests.csproj", "{3C053D01-0AE1-4AB4-9C74-3D1573782AF0}"
EndProject
Project("{FAE04EC0-301F-11D3-BF4B-00C04F79EFBC}") = "Dictionary.Collection", "Collections\Dictionary\Dictionary.Collection\Dictionary.Collection.csproj", "{BE1AEF3F-075C-4001-B345-8EC04E1A7FC5}"
EndProject
Project("{FAE04EC0-301F-11D3-BF4B-00C04F79EFBC}") = "Dictionary.Collection.Tests", "Collections\Dictionary\Dictionary.Collection.Tests\Dictionary.Collection.Tests.csproj", "{9D959850-995D-4D7B-BCEE-DDE9C579240F}"
EndProject
Project("{FAE04EC0-301F-11D3-BF4B-00C04F79EFBC}") = "HashSet.Collection", "Collections\HashSet\HashSet.Collection\HashSet.Collection.csproj", "{2FD1975C-F5D2-4047-9D74-C003FADB3F30}"
EndProject
Project("{FAE04EC0-301F-11D3-BF4B-00C04F79EFBC}") = "HashSet.Collection.Tests", "Collections\HashSet\HashSet.Collection.Tests\HashSet.Collection.Tests.csproj", "{B6CE4B5F-956B-442D-B221-7C4A5D75860F}"
EndProject
Project("{FAE04EC0-301F-11D3-BF4B-00C04F79EFBC}") = "LinkedList.Collection", "Collections\LinkedList\LinkedList.Collection\LinkedList.Collection.csproj", "{11973A37-22B5-4DF8-A80D-4B089C141538}"
EndProject
Project("{FAE04EC0-301F-11D3-BF4B-00C04F79EFBC}") = "LinkedList.Collection.Tests", "Collections\LinkedList\LinkedList.Collection.Tests\LinkedList.Collection.Tests.csproj", "{D097399F-960B-4099-B6CB-F8F794F5F80D}"
EndProject
Project("{FAE04EC0-301F-11D3-BF4B-00C04F79EFBC}") = "List.Collection", "Collections\List\List.Collection\List.Collection.csproj", "{1FE15E8E-FD16-499C-84F1-08CAD7063D31}"
EndProject
Project("{FAE04EC0-301F-11D3-BF4B-00C04F79EFBC}") = "List.Collection.Tests", "Collections\List\List.Collection.Tests\List.Collection.Tests.csproj", "{B9B257DC-619C-41E3-B7D9-5BEFE1B48781}"
EndProject
Project("{FAE04EC0-301F-11D3-BF4B-00C04F79EFBC}") = "Queue.Collection", "Collections\Queue\Queue.Collection\Queue.Collection.csproj", "{ABE76353-5262-4480-981A-D3360833BD61}"
EndProject
Project("{FAE04EC0-301F-11D3-BF4B-00C04F79EFBC}") = "Queue.Collection.Tests", "Collections\Queue\Queue.Collection.Tests\Queue.Collection.Tests.csproj", "{CFCC6142-4AA6-439F-8090-F7F022ACBE3F}"
EndProject
Project("{FAE04EC0-301F-11D3-BF4B-00C04F79EFBC}") = "SortedDictionary.Collection", "Collections\SortedDictionary\SortedDictionary.Collection\SortedDictionary.Collection.csproj", "{FE8A6CC8-D04E-4D8B-A65D-210431595040}"
EndProject
Project("{FAE04EC0-301F-11D3-BF4B-00C04F79EFBC}") = "SortedDictionary.Collection.Tests", "Collections\SortedDictionary\SortedDictionary.Collection.Tests\SortedDictionary.Collection.Tests.csproj", "{C6D996FC-0A2E-4C40-9708-BBE9EA391F8F}"
EndProject
Project("{FAE04EC0-301F-11D3-BF4B-00C04F79EFBC}") = "SortedList.Collection", "Collections\SortedList\SortedList.Collection\SortedList.Collection.csproj", "{57B2BC2E-2AEC-49C0-8D15-3ED30F0C48BD}"
EndProject
Project("{FAE04EC0-301F-11D3-BF4B-00C04F79EFBC}") = "SortedList.Collection.Tests", "Collections\SortedList\SortedList.Collection.Tests\SortedList.Collection.Tests.csproj", "{96D14E30-4A92-420B-9A29-4392D1DAAE81}"
EndProject
Project("{FAE04EC0-301F-11D3-BF4B-00C04F79EFBC}") = "SortedSet.Collection", "Collections\SortedSet\SortedSet.Collection\SortedSet.Collection.csproj", "{6343E91A-A017-445E-A97D-798357910A16}"
EndProject
Project("{FAE04EC0-301F-11D3-BF4B-00C04F79EFBC}") = "SortedSet.Collection.Tests", "Collections\SortedSet\SortedSet.Collection.Tests\SortedSet.Collection.Tests.csproj", "{B2E17E1E-45B6-4270-82BD-06A6F49DDF6B}"
EndProject
Project("{FAE04EC0-301F-11D3-BF4B-00C04F79EFBC}") = "Stack.Collection", "Collections\Stack\Stack.Collection\Stack.Collection.csproj", "{10C585DB-8642-4302-AF76-3CE8E2921954}"
EndProject
Project("{FAE04EC0-301F-11D3-BF4B-00C04F79EFBC}") = "Stack.Collection.Tests", "Collections\Stack\Stack.Collection.Tests\Stack.Collection.Tests.csproj", "{CBC8739C-BB3B-430F-B9C8-6D15A1A28C84}"
EndProject
Project("{FAE04EC0-301F-11D3-BF4B-00C04F79EFBC}") = "Constructor.Type.Constraints", "Constraints\Constructor.Type.Constraints\Constructor.Type.Constraints.csproj", "{57445061-F00C-4748-864E-62D8763FF6D7}"
EndProject
Project("{FAE04EC0-301F-11D3-BF4B-00C04F79EFBC}") = "Conversion.Type.Constraints", "Constraints\Conversion.Type.Constraints\Conversion.Type.Constraints.csproj", "{66C0CF92-D8E3-4268-B7F0-80CC9835E156}"
EndProject
Project("{FAE04EC0-301F-11D3-BF4B-00C04F79EFBC}") = "Reference.Type.Constraints", "Constraints\Reference.Type.Constraint\Reference.Type.Constraints.csproj", "{9C13304D-1E35-4B41-BB76-B61C229CC852}"
EndProject
Project("{FAE04EC0-301F-11D3-BF4B-00C04F79EFBC}") = "Value.Type.Constraints", "Constraints\Value.Type.Constraints\Value.Type.Constraints.csproj", "{7ADA84C6-54DA-404B-BB86-6B5D1D819E80}"
EndProject
Project("{FAE04EC0-301F-11D3-BF4B-00C04F79EFBC}") = "Generics.With.Reflection", "Reflection\Generics.With.Reflection\Generics.With.Reflection.csproj", "{CA86692A-ED77-411A-9419-5A6D3BB52582}"
EndProject
Project("{FAE04EC0-301F-11D3-BF4B-00C04F79EFBC}") = "CircularBuffer", "Basic\CircularBuffer\CircularBuffer.csproj", "{4523A394-A9BE-4C49-87D9-07CA84841603}"
EndProject
Project("{FAE04EC0-301F-11D3-BF4B-00C04F79EFBC}") = "CircularBuffer.Tests", "Basic\CircularBuffer.Tests\CircularBuffer.Tests.csproj", "{17710543-8997-49AE-93E1-1B1BAFD65B4E}"
EndProject
Project("{FAE04EC0-301F-11D3-BF4B-00C04F79EFBC}") = "ListResizePattern", "Basic\ListResizePattern\ListResizePattern.csproj", "{1665170F-8DDA-49CD-8286-D2AAEAB24F37}"
EndProject
Project("{2150E333-8FDC-42A3-9474-1A3956D46DE8}") = "ImmutableQueue", "ImmutableQueue", "{C90B0BD7-E81E-4B4A-A973-693139210E80}"
EndProject
Project("{FAE04EC0-301F-11D3-BF4B-00C04F79EFBC}") = "ImmutableQueue.Collection", "Collections\ImmutableQueue\ImmutableQueue.Collection\ImmutableQueue.Collection.csproj", "{CF0823CB-9FA7-45D6-AB8B-82FEADC02111}"
EndProject
Project("{FAE04EC0-301F-11D3-BF4B-00C04F79EFBC}") = "ImmutableQueue.Collection.Tests", "Collections\ImmutableQueue\ImmutableQueue.Collection.Tests\ImmutableQueue.Collection.Tests.csproj", "{BE128D5D-8762-4964-ABFF-B90939D70A0A}"
EndProject
Project("{2150E333-8FDC-42A3-9474-1A3956D46DE8}") = "Concurrent Collections", "Concurrent Collections", "{D44655CE-4B53-4EFA-8A34-D20BC676E408}"
EndProject
Project("{2150E333-8FDC-42A3-9474-1A3956D46DE8}") = "ConcurrentBag", "ConcurrentBag", "{5B983C93-741D-4ABA-B198-A9CF52014398}"
EndProject
Project("{FAE04EC0-301F-11D3-BF4B-00C04F79EFBC}") = "ConcurrentBag.Collection.Tests", "Collections\ConcurrentBag\ConcurrentBag.Collection.Tests\ConcurrentBag.Collection.Tests.csproj", "{45DF0501-D98C-4E51-81F8-97DF6EC43038}"
EndProject
Project("{FAE04EC0-301F-11D3-BF4B-00C04F79EFBC}") = "ConcurrentBag.Collection", "Collections\ConcurrentBag\ConcurrentBag.Collection\ConcurrentBag.Collection.csproj", "{EB9C68B9-DB15-4853-A63B-7B70F62DECFF}"
EndProject
Project("{FAE04EC0-301F-11D3-BF4B-00C04F79EFBC}") = "ConcurrentDictionary.Performance", "Collections\ConcurrentDictionary\ConcurrentDictionary.Performance\ConcurrentDictionary.Performance.csproj", "{26F875DA-50EF-459B-8630-53B63926412D}"
EndProject
Project("{2150E333-8FDC-42A3-9474-1A3956D46DE8}") = "ReadonlyList", "ReadonlyList", "{F2B73BC1-2828-452E-9971-B515DBB8EB8B}"
EndProject
Project("{FAE04EC0-301F-11D3-BF4B-00C04F79EFBC}") = "ReadOnlyList.Tests", "Collections\ReadOnlyList\ReadOnlyList.Tests\ReadOnlyList.Tests.csproj", "{962B1FDC-DE97-4EF3-B99B-129E86416F04}"
EndProject
Project("{2150E333-8FDC-42A3-9474-1A3956D46DE8}") = "ReadOnlyDictionary", "ReadOnlyDictionary", "{5DEBB26F-A851-4799-AC16-AEAB07FE5136}"
EndProject
Project("{FAE04EC0-301F-11D3-BF4B-00C04F79EFBC}") = "ReadOnlyDictionary.Tests", "Collections\ReadOnlyDictionary\ReadOnlyDictionary.Tests\ReadOnlyDictionary.Tests.csproj", "{EEDBAF82-049A-4AA7-829E-9EE6E7FDBE1E}"
EndProject
Project("{2150E333-8FDC-42A3-9474-1A3956D46DE8}") = "ObservableCollection", "ObservableCollection", "{42F1179E-FAD3-4AB6-9CF2-1C12E25F557B}"
EndProject
Project("{FAE04EC0-301F-11D3-BF4B-00C04F79EFBC}") = "ObservableCollection.Tests", "Collections\ObservableCollection\ObservableCollection.Tests\ObservableCollection.Tests.csproj", "{0C87DC39-38F4-4088-AFF6-459152124674}"
EndProject
Global
	GlobalSection(SolutionConfigurationPlatforms) = preSolution
		Debug|Any CPU = Debug|Any CPU
		Release|Any CPU = Release|Any CPU
	EndGlobalSection
	GlobalSection(ProjectConfigurationPlatforms) = postSolution
		{075ADA43-4892-4B0E-B045-44EDC9964762}.Debug|Any CPU.ActiveCfg = Debug|Any CPU
		{075ADA43-4892-4B0E-B045-44EDC9964762}.Debug|Any CPU.Build.0 = Debug|Any CPU
		{075ADA43-4892-4B0E-B045-44EDC9964762}.Release|Any CPU.ActiveCfg = Release|Any CPU
		{075ADA43-4892-4B0E-B045-44EDC9964762}.Release|Any CPU.Build.0 = Release|Any CPU
		{8B9D5D69-02C3-479C-BEAF-C0E6DAFBEFB1}.Debug|Any CPU.ActiveCfg = Debug|Any CPU
		{8B9D5D69-02C3-479C-BEAF-C0E6DAFBEFB1}.Debug|Any CPU.Build.0 = Debug|Any CPU
		{8B9D5D69-02C3-479C-BEAF-C0E6DAFBEFB1}.Release|Any CPU.ActiveCfg = Release|Any CPU
		{8B9D5D69-02C3-479C-BEAF-C0E6DAFBEFB1}.Release|Any CPU.Build.0 = Release|Any CPU
		{4862F6A0-ECC6-4E8E-8613-173769DA1FAE}.Debug|Any CPU.ActiveCfg = Debug|Any CPU
		{4862F6A0-ECC6-4E8E-8613-173769DA1FAE}.Debug|Any CPU.Build.0 = Debug|Any CPU
		{4862F6A0-ECC6-4E8E-8613-173769DA1FAE}.Release|Any CPU.ActiveCfg = Release|Any CPU
		{4862F6A0-ECC6-4E8E-8613-173769DA1FAE}.Release|Any CPU.Build.0 = Release|Any CPU
		{52C75841-3690-470B-9EC7-BFEFD6F736EB}.Debug|Any CPU.ActiveCfg = Debug|Any CPU
		{52C75841-3690-470B-9EC7-BFEFD6F736EB}.Debug|Any CPU.Build.0 = Debug|Any CPU
		{52C75841-3690-470B-9EC7-BFEFD6F736EB}.Release|Any CPU.ActiveCfg = Release|Any CPU
		{52C75841-3690-470B-9EC7-BFEFD6F736EB}.Release|Any CPU.Build.0 = Release|Any CPU
		{E3D03080-1000-42D5-ADF3-208EBB8D5388}.Debug|Any CPU.ActiveCfg = Debug|Any CPU
		{E3D03080-1000-42D5-ADF3-208EBB8D5388}.Debug|Any CPU.Build.0 = Debug|Any CPU
		{E3D03080-1000-42D5-ADF3-208EBB8D5388}.Release|Any CPU.ActiveCfg = Release|Any CPU
		{E3D03080-1000-42D5-ADF3-208EBB8D5388}.Release|Any CPU.Build.0 = Release|Any CPU
		{494F1C17-0F89-41BC-91A5-A776AF2F5F63}.Debug|Any CPU.ActiveCfg = Debug|Any CPU
		{494F1C17-0F89-41BC-91A5-A776AF2F5F63}.Debug|Any CPU.Build.0 = Debug|Any CPU
		{494F1C17-0F89-41BC-91A5-A776AF2F5F63}.Release|Any CPU.ActiveCfg = Release|Any CPU
		{494F1C17-0F89-41BC-91A5-A776AF2F5F63}.Release|Any CPU.Build.0 = Release|Any CPU
		{830E8912-DCF8-434D-BF40-7E658D39A687}.Debug|Any CPU.ActiveCfg = Debug|Any CPU
		{830E8912-DCF8-434D-BF40-7E658D39A687}.Debug|Any CPU.Build.0 = Debug|Any CPU
		{830E8912-DCF8-434D-BF40-7E658D39A687}.Release|Any CPU.ActiveCfg = Release|Any CPU
		{830E8912-DCF8-434D-BF40-7E658D39A687}.Release|Any CPU.Build.0 = Release|Any CPU
		{A548A5F0-0AB2-49E5-AB78-93841205BA49}.Debug|Any CPU.ActiveCfg = Debug|Any CPU
		{A548A5F0-0AB2-49E5-AB78-93841205BA49}.Debug|Any CPU.Build.0 = Debug|Any CPU
		{A548A5F0-0AB2-49E5-AB78-93841205BA49}.Release|Any CPU.ActiveCfg = Release|Any CPU
		{A548A5F0-0AB2-49E5-AB78-93841205BA49}.Release|Any CPU.Build.0 = Release|Any CPU
		{18339A6A-5779-43A8-8340-AABF0A36B1BB}.Debug|Any CPU.ActiveCfg = Debug|Any CPU
		{18339A6A-5779-43A8-8340-AABF0A36B1BB}.Debug|Any CPU.Build.0 = Debug|Any CPU
		{18339A6A-5779-43A8-8340-AABF0A36B1BB}.Release|Any CPU.ActiveCfg = Release|Any CPU
		{18339A6A-5779-43A8-8340-AABF0A36B1BB}.Release|Any CPU.Build.0 = Release|Any CPU
		{C9A96138-4256-441E-9304-6AAED2973B96}.Debug|Any CPU.ActiveCfg = Debug|Any CPU
		{C9A96138-4256-441E-9304-6AAED2973B96}.Debug|Any CPU.Build.0 = Debug|Any CPU
		{C9A96138-4256-441E-9304-6AAED2973B96}.Release|Any CPU.ActiveCfg = Release|Any CPU
		{C9A96138-4256-441E-9304-6AAED2973B96}.Release|Any CPU.Build.0 = Release|Any CPU
		{7C0EC118-2BE4-4ED0-91FA-611E8EC14314}.Debug|Any CPU.ActiveCfg = Debug|Any CPU
		{7C0EC118-2BE4-4ED0-91FA-611E8EC14314}.Debug|Any CPU.Build.0 = Debug|Any CPU
		{7C0EC118-2BE4-4ED0-91FA-611E8EC14314}.Release|Any CPU.ActiveCfg = Release|Any CPU
		{7C0EC118-2BE4-4ED0-91FA-611E8EC14314}.Release|Any CPU.Build.0 = Release|Any CPU
		{872289FA-A3CF-484B-A49C-9A10BFEA3CBA}.Debug|Any CPU.ActiveCfg = Debug|Any CPU
		{872289FA-A3CF-484B-A49C-9A10BFEA3CBA}.Debug|Any CPU.Build.0 = Debug|Any CPU
		{872289FA-A3CF-484B-A49C-9A10BFEA3CBA}.Release|Any CPU.ActiveCfg = Release|Any CPU
		{872289FA-A3CF-484B-A49C-9A10BFEA3CBA}.Release|Any CPU.Build.0 = Release|Any CPU
		{F82F26F6-236E-4ED0-9ECC-26E1DEDF758C}.Debug|Any CPU.ActiveCfg = Debug|Any CPU
		{F82F26F6-236E-4ED0-9ECC-26E1DEDF758C}.Debug|Any CPU.Build.0 = Debug|Any CPU
		{F82F26F6-236E-4ED0-9ECC-26E1DEDF758C}.Release|Any CPU.ActiveCfg = Release|Any CPU
		{F82F26F6-236E-4ED0-9ECC-26E1DEDF758C}.Release|Any CPU.Build.0 = Release|Any CPU
		{7187339B-D6DC-49AD-8DA8-5B2F97F38175}.Debug|Any CPU.ActiveCfg = Debug|Any CPU
		{7187339B-D6DC-49AD-8DA8-5B2F97F38175}.Debug|Any CPU.Build.0 = Debug|Any CPU
		{7187339B-D6DC-49AD-8DA8-5B2F97F38175}.Release|Any CPU.ActiveCfg = Release|Any CPU
		{7187339B-D6DC-49AD-8DA8-5B2F97F38175}.Release|Any CPU.Build.0 = Release|Any CPU
		{3E8C9169-6B89-4684-8C7D-65A50F94BC34}.Debug|Any CPU.ActiveCfg = Debug|Any CPU
		{3E8C9169-6B89-4684-8C7D-65A50F94BC34}.Debug|Any CPU.Build.0 = Debug|Any CPU
		{3E8C9169-6B89-4684-8C7D-65A50F94BC34}.Release|Any CPU.ActiveCfg = Release|Any CPU
		{3E8C9169-6B89-4684-8C7D-65A50F94BC34}.Release|Any CPU.Build.0 = Release|Any CPU
		{3C053D01-0AE1-4AB4-9C74-3D1573782AF0}.Debug|Any CPU.ActiveCfg = Debug|Any CPU
		{3C053D01-0AE1-4AB4-9C74-3D1573782AF0}.Debug|Any CPU.Build.0 = Debug|Any CPU
		{3C053D01-0AE1-4AB4-9C74-3D1573782AF0}.Release|Any CPU.ActiveCfg = Release|Any CPU
		{3C053D01-0AE1-4AB4-9C74-3D1573782AF0}.Release|Any CPU.Build.0 = Release|Any CPU
		{BE1AEF3F-075C-4001-B345-8EC04E1A7FC5}.Debug|Any CPU.ActiveCfg = Debug|Any CPU
		{BE1AEF3F-075C-4001-B345-8EC04E1A7FC5}.Debug|Any CPU.Build.0 = Debug|Any CPU
		{BE1AEF3F-075C-4001-B345-8EC04E1A7FC5}.Release|Any CPU.ActiveCfg = Release|Any CPU
		{BE1AEF3F-075C-4001-B345-8EC04E1A7FC5}.Release|Any CPU.Build.0 = Release|Any CPU
		{9D959850-995D-4D7B-BCEE-DDE9C579240F}.Debug|Any CPU.ActiveCfg = Debug|Any CPU
		{9D959850-995D-4D7B-BCEE-DDE9C579240F}.Debug|Any CPU.Build.0 = Debug|Any CPU
		{9D959850-995D-4D7B-BCEE-DDE9C579240F}.Release|Any CPU.ActiveCfg = Release|Any CPU
		{9D959850-995D-4D7B-BCEE-DDE9C579240F}.Release|Any CPU.Build.0 = Release|Any CPU
		{2FD1975C-F5D2-4047-9D74-C003FADB3F30}.Debug|Any CPU.ActiveCfg = Debug|Any CPU
		{2FD1975C-F5D2-4047-9D74-C003FADB3F30}.Debug|Any CPU.Build.0 = Debug|Any CPU
		{2FD1975C-F5D2-4047-9D74-C003FADB3F30}.Release|Any CPU.ActiveCfg = Release|Any CPU
		{2FD1975C-F5D2-4047-9D74-C003FADB3F30}.Release|Any CPU.Build.0 = Release|Any CPU
		{B6CE4B5F-956B-442D-B221-7C4A5D75860F}.Debug|Any CPU.ActiveCfg = Debug|Any CPU
		{B6CE4B5F-956B-442D-B221-7C4A5D75860F}.Debug|Any CPU.Build.0 = Debug|Any CPU
		{B6CE4B5F-956B-442D-B221-7C4A5D75860F}.Release|Any CPU.ActiveCfg = Release|Any CPU
		{B6CE4B5F-956B-442D-B221-7C4A5D75860F}.Release|Any CPU.Build.0 = Release|Any CPU
		{11973A37-22B5-4DF8-A80D-4B089C141538}.Debug|Any CPU.ActiveCfg = Debug|Any CPU
		{11973A37-22B5-4DF8-A80D-4B089C141538}.Debug|Any CPU.Build.0 = Debug|Any CPU
		{11973A37-22B5-4DF8-A80D-4B089C141538}.Release|Any CPU.ActiveCfg = Release|Any CPU
		{11973A37-22B5-4DF8-A80D-4B089C141538}.Release|Any CPU.Build.0 = Release|Any CPU
		{D097399F-960B-4099-B6CB-F8F794F5F80D}.Debug|Any CPU.ActiveCfg = Debug|Any CPU
		{D097399F-960B-4099-B6CB-F8F794F5F80D}.Debug|Any CPU.Build.0 = Debug|Any CPU
		{D097399F-960B-4099-B6CB-F8F794F5F80D}.Release|Any CPU.ActiveCfg = Release|Any CPU
		{D097399F-960B-4099-B6CB-F8F794F5F80D}.Release|Any CPU.Build.0 = Release|Any CPU
		{1FE15E8E-FD16-499C-84F1-08CAD7063D31}.Debug|Any CPU.ActiveCfg = Debug|Any CPU
		{1FE15E8E-FD16-499C-84F1-08CAD7063D31}.Debug|Any CPU.Build.0 = Debug|Any CPU
		{1FE15E8E-FD16-499C-84F1-08CAD7063D31}.Release|Any CPU.ActiveCfg = Release|Any CPU
		{1FE15E8E-FD16-499C-84F1-08CAD7063D31}.Release|Any CPU.Build.0 = Release|Any CPU
		{B9B257DC-619C-41E3-B7D9-5BEFE1B48781}.Debug|Any CPU.ActiveCfg = Debug|Any CPU
		{B9B257DC-619C-41E3-B7D9-5BEFE1B48781}.Debug|Any CPU.Build.0 = Debug|Any CPU
		{B9B257DC-619C-41E3-B7D9-5BEFE1B48781}.Release|Any CPU.ActiveCfg = Release|Any CPU
		{B9B257DC-619C-41E3-B7D9-5BEFE1B48781}.Release|Any CPU.Build.0 = Release|Any CPU
		{ABE76353-5262-4480-981A-D3360833BD61}.Debug|Any CPU.ActiveCfg = Debug|Any CPU
		{ABE76353-5262-4480-981A-D3360833BD61}.Debug|Any CPU.Build.0 = Debug|Any CPU
		{ABE76353-5262-4480-981A-D3360833BD61}.Release|Any CPU.ActiveCfg = Release|Any CPU
		{ABE76353-5262-4480-981A-D3360833BD61}.Release|Any CPU.Build.0 = Release|Any CPU
		{CFCC6142-4AA6-439F-8090-F7F022ACBE3F}.Debug|Any CPU.ActiveCfg = Debug|Any CPU
		{CFCC6142-4AA6-439F-8090-F7F022ACBE3F}.Debug|Any CPU.Build.0 = Debug|Any CPU
		{CFCC6142-4AA6-439F-8090-F7F022ACBE3F}.Release|Any CPU.ActiveCfg = Release|Any CPU
		{CFCC6142-4AA6-439F-8090-F7F022ACBE3F}.Release|Any CPU.Build.0 = Release|Any CPU
		{FE8A6CC8-D04E-4D8B-A65D-210431595040}.Debug|Any CPU.ActiveCfg = Debug|Any CPU
		{FE8A6CC8-D04E-4D8B-A65D-210431595040}.Debug|Any CPU.Build.0 = Debug|Any CPU
		{FE8A6CC8-D04E-4D8B-A65D-210431595040}.Release|Any CPU.ActiveCfg = Release|Any CPU
		{FE8A6CC8-D04E-4D8B-A65D-210431595040}.Release|Any CPU.Build.0 = Release|Any CPU
		{C6D996FC-0A2E-4C40-9708-BBE9EA391F8F}.Debug|Any CPU.ActiveCfg = Debug|Any CPU
		{C6D996FC-0A2E-4C40-9708-BBE9EA391F8F}.Debug|Any CPU.Build.0 = Debug|Any CPU
		{C6D996FC-0A2E-4C40-9708-BBE9EA391F8F}.Release|Any CPU.ActiveCfg = Release|Any CPU
		{C6D996FC-0A2E-4C40-9708-BBE9EA391F8F}.Release|Any CPU.Build.0 = Release|Any CPU
		{57B2BC2E-2AEC-49C0-8D15-3ED30F0C48BD}.Debug|Any CPU.ActiveCfg = Debug|Any CPU
		{57B2BC2E-2AEC-49C0-8D15-3ED30F0C48BD}.Debug|Any CPU.Build.0 = Debug|Any CPU
		{57B2BC2E-2AEC-49C0-8D15-3ED30F0C48BD}.Release|Any CPU.ActiveCfg = Release|Any CPU
		{57B2BC2E-2AEC-49C0-8D15-3ED30F0C48BD}.Release|Any CPU.Build.0 = Release|Any CPU
		{96D14E30-4A92-420B-9A29-4392D1DAAE81}.Debug|Any CPU.ActiveCfg = Debug|Any CPU
		{96D14E30-4A92-420B-9A29-4392D1DAAE81}.Debug|Any CPU.Build.0 = Debug|Any CPU
		{96D14E30-4A92-420B-9A29-4392D1DAAE81}.Release|Any CPU.ActiveCfg = Release|Any CPU
		{96D14E30-4A92-420B-9A29-4392D1DAAE81}.Release|Any CPU.Build.0 = Release|Any CPU
		{6343E91A-A017-445E-A97D-798357910A16}.Debug|Any CPU.ActiveCfg = Debug|Any CPU
		{6343E91A-A017-445E-A97D-798357910A16}.Debug|Any CPU.Build.0 = Debug|Any CPU
		{6343E91A-A017-445E-A97D-798357910A16}.Release|Any CPU.ActiveCfg = Release|Any CPU
		{6343E91A-A017-445E-A97D-798357910A16}.Release|Any CPU.Build.0 = Release|Any CPU
		{B2E17E1E-45B6-4270-82BD-06A6F49DDF6B}.Debug|Any CPU.ActiveCfg = Debug|Any CPU
		{B2E17E1E-45B6-4270-82BD-06A6F49DDF6B}.Debug|Any CPU.Build.0 = Debug|Any CPU
		{B2E17E1E-45B6-4270-82BD-06A6F49DDF6B}.Release|Any CPU.ActiveCfg = Release|Any CPU
		{B2E17E1E-45B6-4270-82BD-06A6F49DDF6B}.Release|Any CPU.Build.0 = Release|Any CPU
		{10C585DB-8642-4302-AF76-3CE8E2921954}.Debug|Any CPU.ActiveCfg = Debug|Any CPU
		{10C585DB-8642-4302-AF76-3CE8E2921954}.Debug|Any CPU.Build.0 = Debug|Any CPU
		{10C585DB-8642-4302-AF76-3CE8E2921954}.Release|Any CPU.ActiveCfg = Release|Any CPU
		{10C585DB-8642-4302-AF76-3CE8E2921954}.Release|Any CPU.Build.0 = Release|Any CPU
		{CBC8739C-BB3B-430F-B9C8-6D15A1A28C84}.Debug|Any CPU.ActiveCfg = Debug|Any CPU
		{CBC8739C-BB3B-430F-B9C8-6D15A1A28C84}.Debug|Any CPU.Build.0 = Debug|Any CPU
		{CBC8739C-BB3B-430F-B9C8-6D15A1A28C84}.Release|Any CPU.ActiveCfg = Release|Any CPU
		{CBC8739C-BB3B-430F-B9C8-6D15A1A28C84}.Release|Any CPU.Build.0 = Release|Any CPU
		{57445061-F00C-4748-864E-62D8763FF6D7}.Debug|Any CPU.ActiveCfg = Debug|Any CPU
		{57445061-F00C-4748-864E-62D8763FF6D7}.Debug|Any CPU.Build.0 = Debug|Any CPU
		{57445061-F00C-4748-864E-62D8763FF6D7}.Release|Any CPU.ActiveCfg = Release|Any CPU
		{57445061-F00C-4748-864E-62D8763FF6D7}.Release|Any CPU.Build.0 = Release|Any CPU
		{66C0CF92-D8E3-4268-B7F0-80CC9835E156}.Debug|Any CPU.ActiveCfg = Debug|Any CPU
		{66C0CF92-D8E3-4268-B7F0-80CC9835E156}.Debug|Any CPU.Build.0 = Debug|Any CPU
		{66C0CF92-D8E3-4268-B7F0-80CC9835E156}.Release|Any CPU.ActiveCfg = Release|Any CPU
		{66C0CF92-D8E3-4268-B7F0-80CC9835E156}.Release|Any CPU.Build.0 = Release|Any CPU
		{9C13304D-1E35-4B41-BB76-B61C229CC852}.Debug|Any CPU.ActiveCfg = Debug|Any CPU
		{9C13304D-1E35-4B41-BB76-B61C229CC852}.Debug|Any CPU.Build.0 = Debug|Any CPU
		{9C13304D-1E35-4B41-BB76-B61C229CC852}.Release|Any CPU.ActiveCfg = Release|Any CPU
		{9C13304D-1E35-4B41-BB76-B61C229CC852}.Release|Any CPU.Build.0 = Release|Any CPU
		{7ADA84C6-54DA-404B-BB86-6B5D1D819E80}.Debug|Any CPU.ActiveCfg = Debug|Any CPU
		{7ADA84C6-54DA-404B-BB86-6B5D1D819E80}.Debug|Any CPU.Build.0 = Debug|Any CPU
		{7ADA84C6-54DA-404B-BB86-6B5D1D819E80}.Release|Any CPU.ActiveCfg = Release|Any CPU
		{7ADA84C6-54DA-404B-BB86-6B5D1D819E80}.Release|Any CPU.Build.0 = Release|Any CPU
		{CA86692A-ED77-411A-9419-5A6D3BB52582}.Debug|Any CPU.ActiveCfg = Debug|Any CPU
		{CA86692A-ED77-411A-9419-5A6D3BB52582}.Debug|Any CPU.Build.0 = Debug|Any CPU
		{CA86692A-ED77-411A-9419-5A6D3BB52582}.Release|Any CPU.ActiveCfg = Release|Any CPU
		{CA86692A-ED77-411A-9419-5A6D3BB52582}.Release|Any CPU.Build.0 = Release|Any CPU
		{4523A394-A9BE-4C49-87D9-07CA84841603}.Debug|Any CPU.ActiveCfg = Debug|Any CPU
		{4523A394-A9BE-4C49-87D9-07CA84841603}.Debug|Any CPU.Build.0 = Debug|Any CPU
		{4523A394-A9BE-4C49-87D9-07CA84841603}.Release|Any CPU.ActiveCfg = Release|Any CPU
		{4523A394-A9BE-4C49-87D9-07CA84841603}.Release|Any CPU.Build.0 = Release|Any CPU
		{17710543-8997-49AE-93E1-1B1BAFD65B4E}.Debug|Any CPU.ActiveCfg = Debug|Any CPU
		{17710543-8997-49AE-93E1-1B1BAFD65B4E}.Debug|Any CPU.Build.0 = Debug|Any CPU
		{17710543-8997-49AE-93E1-1B1BAFD65B4E}.Release|Any CPU.ActiveCfg = Release|Any CPU
		{17710543-8997-49AE-93E1-1B1BAFD65B4E}.Release|Any CPU.Build.0 = Release|Any CPU
		{1665170F-8DDA-49CD-8286-D2AAEAB24F37}.Debug|Any CPU.ActiveCfg = Debug|Any CPU
		{1665170F-8DDA-49CD-8286-D2AAEAB24F37}.Debug|Any CPU.Build.0 = Debug|Any CPU
		{1665170F-8DDA-49CD-8286-D2AAEAB24F37}.Release|Any CPU.ActiveCfg = Release|Any CPU
		{1665170F-8DDA-49CD-8286-D2AAEAB24F37}.Release|Any CPU.Build.0 = Release|Any CPU
		{CF0823CB-9FA7-45D6-AB8B-82FEADC02111}.Debug|Any CPU.ActiveCfg = Debug|Any CPU
		{CF0823CB-9FA7-45D6-AB8B-82FEADC02111}.Debug|Any CPU.Build.0 = Debug|Any CPU
		{CF0823CB-9FA7-45D6-AB8B-82FEADC02111}.Release|Any CPU.ActiveCfg = Release|Any CPU
		{CF0823CB-9FA7-45D6-AB8B-82FEADC02111}.Release|Any CPU.Build.0 = Release|Any CPU
		{BE128D5D-8762-4964-ABFF-B90939D70A0A}.Debug|Any CPU.ActiveCfg = Debug|Any CPU
		{BE128D5D-8762-4964-ABFF-B90939D70A0A}.Debug|Any CPU.Build.0 = Debug|Any CPU
		{BE128D5D-8762-4964-ABFF-B90939D70A0A}.Release|Any CPU.ActiveCfg = Release|Any CPU
		{BE128D5D-8762-4964-ABFF-B90939D70A0A}.Release|Any CPU.Build.0 = Release|Any CPU
		{45DF0501-D98C-4E51-81F8-97DF6EC43038}.Debug|Any CPU.ActiveCfg = Debug|Any CPU
		{45DF0501-D98C-4E51-81F8-97DF6EC43038}.Debug|Any CPU.Build.0 = Debug|Any CPU
		{45DF0501-D98C-4E51-81F8-97DF6EC43038}.Release|Any CPU.ActiveCfg = Release|Any CPU
		{45DF0501-D98C-4E51-81F8-97DF6EC43038}.Release|Any CPU.Build.0 = Release|Any CPU
		{EB9C68B9-DB15-4853-A63B-7B70F62DECFF}.Debug|Any CPU.ActiveCfg = Debug|Any CPU
		{EB9C68B9-DB15-4853-A63B-7B70F62DECFF}.Debug|Any CPU.Build.0 = Debug|Any CPU
		{EB9C68B9-DB15-4853-A63B-7B70F62DECFF}.Release|Any CPU.ActiveCfg = Release|Any CPU
		{EB9C68B9-DB15-4853-A63B-7B70F62DECFF}.Release|Any CPU.Build.0 = Release|Any CPU
		{26F875DA-50EF-459B-8630-53B63926412D}.Debug|Any CPU.ActiveCfg = Debug|Any CPU
		{26F875DA-50EF-459B-8630-53B63926412D}.Debug|Any CPU.Build.0 = Debug|Any CPU
		{26F875DA-50EF-459B-8630-53B63926412D}.Release|Any CPU.ActiveCfg = Release|Any CPU
		{26F875DA-50EF-459B-8630-53B63926412D}.Release|Any CPU.Build.0 = Release|Any CPU
		{962B1FDC-DE97-4EF3-B99B-129E86416F04}.Debug|Any CPU.ActiveCfg = Debug|Any CPU
		{962B1FDC-DE97-4EF3-B99B-129E86416F04}.Debug|Any CPU.Build.0 = Debug|Any CPU
		{962B1FDC-DE97-4EF3-B99B-129E86416F04}.Release|Any CPU.ActiveCfg = Release|Any CPU
		{962B1FDC-DE97-4EF3-B99B-129E86416F04}.Release|Any CPU.Build.0 = Release|Any CPU
		{EEDBAF82-049A-4AA7-829E-9EE6E7FDBE1E}.Debug|Any CPU.ActiveCfg = Debug|Any CPU
		{EEDBAF82-049A-4AA7-829E-9EE6E7FDBE1E}.Debug|Any CPU.Build.0 = Debug|Any CPU
		{EEDBAF82-049A-4AA7-829E-9EE6E7FDBE1E}.Release|Any CPU.ActiveCfg = Release|Any CPU
		{EEDBAF82-049A-4AA7-829E-9EE6E7FDBE1E}.Release|Any CPU.Build.0 = Release|Any CPU
		{0C87DC39-38F4-4088-AFF6-459152124674}.Debug|Any CPU.ActiveCfg = Debug|Any CPU
		{0C87DC39-38F4-4088-AFF6-459152124674}.Debug|Any CPU.Build.0 = Debug|Any CPU
		{0C87DC39-38F4-4088-AFF6-459152124674}.Release|Any CPU.ActiveCfg = Release|Any CPU
		{0C87DC39-38F4-4088-AFF6-459152124674}.Release|Any CPU.Build.0 = Release|Any CPU
	EndGlobalSection
	GlobalSection(SolutionProperties) = preSolution
		HideSolutionNode = FALSE
	EndGlobalSection
	GlobalSection(NestedProjects) = preSolution
		{075ADA43-4892-4B0E-B045-44EDC9964762} = {3C0EDA49-7B5A-4F3A-84B8-E4AA41E951E6}
		{8B9D5D69-02C3-479C-BEAF-C0E6DAFBEFB1} = {3C0EDA49-7B5A-4F3A-84B8-E4AA41E951E6}
		{68D4560C-3CD4-4A9B-98B7-DCC95E8AD9FD} = {AF9E5A1D-397F-45C2-B836-C583A56D64E6}
		{62A8B330-3B2F-4C30-8A9A-DD83C9EDCBFD} = {AF9E5A1D-397F-45C2-B836-C583A56D64E6}
		{F3FF95DC-5DD7-4653-AF26-80BE46D59A72} = {AF9E5A1D-397F-45C2-B836-C583A56D64E6}
		{5FAD3CD6-82B1-4BAA-A9FE-5BF180A42641} = {AF9E5A1D-397F-45C2-B836-C583A56D64E6}
		{B821D527-26ED-4FB3-ABEA-E3BD2810885F} = {AF9E5A1D-397F-45C2-B836-C583A56D64E6}
		{CE95D380-A3EF-4E29-88E5-B148A21FE61B} = {AF9E5A1D-397F-45C2-B836-C583A56D64E6}
		{A845D85C-1D6D-4E5A-BEFC-A658CBAF039D} = {AF9E5A1D-397F-45C2-B836-C583A56D64E6}
		{704AB781-630C-4274-978A-6DC58BD88DF4} = {AF9E5A1D-397F-45C2-B836-C583A56D64E6}
		{C02DF48F-5F73-4CE4-BC73-D32F5E19CF15} = {AF9E5A1D-397F-45C2-B836-C583A56D64E6}
		{56D91CA7-3ACE-4757-AB02-B7C899E56E4D} = {D44655CE-4B53-4EFA-8A34-D20BC676E408}
		{C2868A5A-7454-4B5F-9F5E-437824EC98D6} = {D44655CE-4B53-4EFA-8A34-D20BC676E408}
		{5936A934-8F90-41A3-A692-053C3AD916A4} = {D44655CE-4B53-4EFA-8A34-D20BC676E408}
		{4862F6A0-ECC6-4E8E-8613-173769DA1FAE} = {141E0F2A-D30F-455E-A518-46D59562C04E}
		{52C75841-3690-470B-9EC7-BFEFD6F736EB} = {141E0F2A-D30F-455E-A518-46D59562C04E}
		{E3D03080-1000-42D5-ADF3-208EBB8D5388} = {3C0EDA49-7B5A-4F3A-84B8-E4AA41E951E6}
		{494F1C17-0F89-41BC-91A5-A776AF2F5F63} = {3C0EDA49-7B5A-4F3A-84B8-E4AA41E951E6}
		{830E8912-DCF8-434D-BF40-7E658D39A687} = {3C0EDA49-7B5A-4F3A-84B8-E4AA41E951E6}
		{A548A5F0-0AB2-49E5-AB78-93841205BA49} = {3C0EDA49-7B5A-4F3A-84B8-E4AA41E951E6}
		{18339A6A-5779-43A8-8340-AABF0A36B1BB} = {3C0EDA49-7B5A-4F3A-84B8-E4AA41E951E6}
		{C9A96138-4256-441E-9304-6AAED2973B96} = {3C0EDA49-7B5A-4F3A-84B8-E4AA41E951E6}
		{7C0EC118-2BE4-4ED0-91FA-611E8EC14314} = {56D91CA7-3ACE-4757-AB02-B7C899E56E4D}
		{872289FA-A3CF-484B-A49C-9A10BFEA3CBA} = {56D91CA7-3ACE-4757-AB02-B7C899E56E4D}
		{F82F26F6-236E-4ED0-9ECC-26E1DEDF758C} = {C2868A5A-7454-4B5F-9F5E-437824EC98D6}
		{7187339B-D6DC-49AD-8DA8-5B2F97F38175} = {C2868A5A-7454-4B5F-9F5E-437824EC98D6}
		{3E8C9169-6B89-4684-8C7D-65A50F94BC34} = {5936A934-8F90-41A3-A692-053C3AD916A4}
		{3C053D01-0AE1-4AB4-9C74-3D1573782AF0} = {5936A934-8F90-41A3-A692-053C3AD916A4}
		{BE1AEF3F-075C-4001-B345-8EC04E1A7FC5} = {CE95D380-A3EF-4E29-88E5-B148A21FE61B}
		{9D959850-995D-4D7B-BCEE-DDE9C579240F} = {CE95D380-A3EF-4E29-88E5-B148A21FE61B}
		{2FD1975C-F5D2-4047-9D74-C003FADB3F30} = {5FAD3CD6-82B1-4BAA-A9FE-5BF180A42641}
		{B6CE4B5F-956B-442D-B221-7C4A5D75860F} = {5FAD3CD6-82B1-4BAA-A9FE-5BF180A42641}
		{11973A37-22B5-4DF8-A80D-4B089C141538} = {B821D527-26ED-4FB3-ABEA-E3BD2810885F}
		{D097399F-960B-4099-B6CB-F8F794F5F80D} = {B821D527-26ED-4FB3-ABEA-E3BD2810885F}
		{1FE15E8E-FD16-499C-84F1-08CAD7063D31} = {F3FF95DC-5DD7-4653-AF26-80BE46D59A72}
		{B9B257DC-619C-41E3-B7D9-5BEFE1B48781} = {F3FF95DC-5DD7-4653-AF26-80BE46D59A72}
		{ABE76353-5262-4480-981A-D3360833BD61} = {68D4560C-3CD4-4A9B-98B7-DCC95E8AD9FD}
		{CFCC6142-4AA6-439F-8090-F7F022ACBE3F} = {68D4560C-3CD4-4A9B-98B7-DCC95E8AD9FD}
		{FE8A6CC8-D04E-4D8B-A65D-210431595040} = {C02DF48F-5F73-4CE4-BC73-D32F5E19CF15}
		{C6D996FC-0A2E-4C40-9708-BBE9EA391F8F} = {C02DF48F-5F73-4CE4-BC73-D32F5E19CF15}
		{57B2BC2E-2AEC-49C0-8D15-3ED30F0C48BD} = {A845D85C-1D6D-4E5A-BEFC-A658CBAF039D}
		{96D14E30-4A92-420B-9A29-4392D1DAAE81} = {A845D85C-1D6D-4E5A-BEFC-A658CBAF039D}
		{6343E91A-A017-445E-A97D-798357910A16} = {704AB781-630C-4274-978A-6DC58BD88DF4}
		{B2E17E1E-45B6-4270-82BD-06A6F49DDF6B} = {704AB781-630C-4274-978A-6DC58BD88DF4}
		{10C585DB-8642-4302-AF76-3CE8E2921954} = {62A8B330-3B2F-4C30-8A9A-DD83C9EDCBFD}
		{CBC8739C-BB3B-430F-B9C8-6D15A1A28C84} = {62A8B330-3B2F-4C30-8A9A-DD83C9EDCBFD}
		{57445061-F00C-4748-864E-62D8763FF6D7} = {69C609A2-77E7-4B07-B02D-685749B999EF}
		{66C0CF92-D8E3-4268-B7F0-80CC9835E156} = {69C609A2-77E7-4B07-B02D-685749B999EF}
		{9C13304D-1E35-4B41-BB76-B61C229CC852} = {69C609A2-77E7-4B07-B02D-685749B999EF}
		{7ADA84C6-54DA-404B-BB86-6B5D1D819E80} = {69C609A2-77E7-4B07-B02D-685749B999EF}
		{CA86692A-ED77-411A-9419-5A6D3BB52582} = {8268DD8D-AB55-4EEF-8745-6B88AEB6592C}
		{4523A394-A9BE-4C49-87D9-07CA84841603} = {3C0EDA49-7B5A-4F3A-84B8-E4AA41E951E6}
		{17710543-8997-49AE-93E1-1B1BAFD65B4E} = {3C0EDA49-7B5A-4F3A-84B8-E4AA41E951E6}
		{1665170F-8DDA-49CD-8286-D2AAEAB24F37} = {3C0EDA49-7B5A-4F3A-84B8-E4AA41E951E6}
		{C90B0BD7-E81E-4B4A-A973-693139210E80} = {AF9E5A1D-397F-45C2-B836-C583A56D64E6}
		{CF0823CB-9FA7-45D6-AB8B-82FEADC02111} = {C90B0BD7-E81E-4B4A-A973-693139210E80}
		{BE128D5D-8762-4964-ABFF-B90939D70A0A} = {C90B0BD7-E81E-4B4A-A973-693139210E80}
		{5B983C93-741D-4ABA-B198-A9CF52014398} = {D44655CE-4B53-4EFA-8A34-D20BC676E408}
		{45DF0501-D98C-4E51-81F8-97DF6EC43038} = {5B983C93-741D-4ABA-B198-A9CF52014398}
		{EB9C68B9-DB15-4853-A63B-7B70F62DECFF} = {5B983C93-741D-4ABA-B198-A9CF52014398}
		{26F875DA-50EF-459B-8630-53B63926412D} = {56D91CA7-3ACE-4757-AB02-B7C899E56E4D}
		{F2B73BC1-2828-452E-9971-B515DBB8EB8B} = {AF9E5A1D-397F-45C2-B836-C583A56D64E6}
		{962B1FDC-DE97-4EF3-B99B-129E86416F04} = {F2B73BC1-2828-452E-9971-B515DBB8EB8B}
		{5DEBB26F-A851-4799-AC16-AEAB07FE5136} = {AF9E5A1D-397F-45C2-B836-C583A56D64E6}
		{EEDBAF82-049A-4AA7-829E-9EE6E7FDBE1E} = {5DEBB26F-A851-4799-AC16-AEAB07FE5136}
		{42F1179E-FAD3-4AB6-9CF2-1C12E25F557B} = {AF9E5A1D-397F-45C2-B836-C583A56D64E6}
		{0C87DC39-38F4-4088-AFF6-459152124674} = {42F1179E-FAD3-4AB6-9CF2-1C12E25F557B}
	EndGlobalSection
EndGlobal
