
Microsoft Visual Studio Solution File, Format Version 12.00
# Visual Studio 2013
VisualStudioVersion = 12.0.31101.0
MinimumVisualStudioVersion = 10.0.40219.1
Project("{2150E333-8FDC-42A3-9474-1A3956D46DE8}") = "Solution Items", "Solution Items", "{6A9B455E-2B45-469C-8648-4C727A24674C}"
	ProjectSection(SolutionItems) = preProject
		Index.txt = Index.txt
	EndProjectSection
EndProject
Project("{FAE04EC0-301F-11D3-BF4B-00C04F79EFBC}") = "DatabaseFirst", "DatabaseFirst\DatabaseFirst.csproj", "{D7C3BDF0-4713-4E12-BF4D-815BE6D170BD}"
EndProject
Global
	GlobalSection(SolutionConfigurationPlatforms) = preSolution
		Debug|Any CPU = Debug|Any CPU
		Release|Any CPU = Release|Any CPU
	EndGlobalSection
	GlobalSection(ProjectConfigurationPlatforms) = postSolution
		{D7C3BDF0-4713-4E12-BF4D-815BE6D170BD}.Debug|Any CPU.ActiveCfg = Debug|Any CPU
		{D7C3BDF0-4713-4E12-BF4D-815BE6D170BD}.Debug|Any CPU.Build.0 = Debug|Any CPU
		{D7C3BDF0-4713-4E12-BF4D-815BE6D170BD}.Release|Any CPU.ActiveCfg = Release|Any CPU
		{D7C3BDF0-4713-4E12-BF4D-815BE6D170BD}.Release|Any CPU.Build.0 = Release|Any CPU
	EndGlobalSection
	GlobalSection(SolutionProperties) = preSolution
		HideSolutionNode = FALSE
	EndGlobalSection
EndGlobal
