
Microsoft Visual Studio Solution File, Format Version 12.00
# Visual Studio 14
VisualStudioVersion = 14.0.23107.0
MinimumVisualStudioVersion = 10.0.40219.1
Project("{2150E333-8FDC-42A3-9474-1A3956D46DE8}") = "Solution Items", "Solution Items", "{6A9B455E-2B45-469C-8648-4C727A24674C}"
	ProjectSection(SolutionItems) = preProject
		Index.txt = Index.txt
		Notes.txt = Notes.txt
	EndProjectSection
EndProject
Project("{FAE04EC0-301F-11D3-BF4B-00C04F79EFBC}") = "SP Mapping - Return Nothing", "SP Mapping - Return Nothing\SP Mapping - Return Nothing.csproj", "{A0D6EC67-9A4C-450C-BC3F-D03161D0FD47}"
EndProject
Project("{FAE04EC0-301F-11D3-BF4B-00C04F79EFBC}") = "SP Mapping - Return Entity", "SP Mapping - Return Entity\SP Mapping - Return Entity.csproj", "{DC4CA29A-7B41-4460-980C-6190391AD229}"
EndProject
Project("{FAE04EC0-301F-11D3-BF4B-00C04F79EFBC}") = "SP Mapping - Return Complex Type", "SP Mapping - Return Complex Type\SP Mapping - Return Complex Type.csproj", "{14DAB850-0F9F-4F90-802E-1C13147413B4}"
EndProject
Project("{FAE04EC0-301F-11D3-BF4B-00C04F79EFBC}") = "SP Mapping - Return Scalar Value", "SP Mapping - Return Scalar Value\SP Mapping - Return Scalar Value.csproj", "{E24A0007-2AFB-463F-8E35-4DF667CF5107}"
EndProject
Project("{FAE04EC0-301F-11D3-BF4B-00C04F79EFBC}") = "Inheritance - Table Per Hierarchy", "Inheritance - Table Per Hierarchy\Inheritance - Table Per Hierarchy.csproj", "{0B345CDC-B2CC-4B1B-B908-BE32B6E4A8D4}"
EndProject
Project("{FAE04EC0-301F-11D3-BF4B-00C04F79EFBC}") = "Approach - Code First", "Approach - Code First\Approach - Code First.csproj", "{E6CECE1F-77BB-4ED7-A21F-9DFA63189198}"
EndProject
Project("{FAE04EC0-301F-11D3-BF4B-00C04F79EFBC}") = "Approach - Database First", "Approach - Database First\Approach - Database First.csproj", "{8C593D5F-BCC5-409F-96F0-019F9B8448D0}"
EndProject
Project("{FAE04EC0-301F-11D3-BF4B-00C04F79EFBC}") = "Approach - Model First", "Approach - Model First\Approach - Model First.csproj", "{95DF3BFD-DD1E-48EB-A8D2-528F6910822E}"
EndProject
Project("{FAE04EC0-301F-11D3-BF4B-00C04F79EFBC}") = "Code First - Data Annotations", "Code First - Data Annotations\Code First - Data Annotations.csproj", "{17A73297-ACA7-48F7-9195-9712E80A1CB9}"
EndProject
Project("{FAE04EC0-301F-11D3-BF4B-00C04F79EFBC}") = "Code First - Fluent API Mapping", "Code First - Fluent API Mapping\Code First - Fluent API Mapping.csproj", "{CD6A1D96-0318-47A5-AD3C-26BF0847AEF7}"
EndProject
Project("{FAE04EC0-301F-11D3-BF4B-00C04F79EFBC}") = "Database First - DbContext Methods", "Database First - DbContext Methods\Database First - DbContext Methods.csproj", "{536279D6-6830-4255-89B1-0EFA020DA58B}"
EndProject
Project("{FAE04EC0-301F-11D3-BF4B-00C04F79EFBC}") = "Database First - CRUD Using SQL", "Database First - CRUD Using SQL\Database First - CRUD Using SQL.csproj", "{C675B842-A488-4428-A89F-F3EEBB45F251}"
EndProject
Project("{FAE04EC0-301F-11D3-BF4B-00C04F79EFBC}") = "Database First - CRUD Using Procedures", "Database First - CRUD Using Procedures\Database First - CRUD Using Procedures.csproj", "{6996F02A-459E-44C7-AC8B-7299C38BAEA9}"
EndProject
Project("{FAE04EC0-301F-11D3-BF4B-00C04F79EFBC}") = "Database First - Complex Type", "Database First - Complex Type\Database First - Complex Type.csproj", "{28B31E15-485C-4476-A884-AFDE42147E45}"
EndProject
Project("{FAE04EC0-301F-11D3-BF4B-00C04F79EFBC}") = "Database First - Repository", "Database First - Repository\Database First - Repository.csproj", "{C84C1D6C-3BB4-4FDF-A092-FB2A1A452DCC}"
EndProject
Project("{FAE04EC0-301F-11D3-BF4B-00C04F79EFBC}") = "Database First - Generic Repository", "Database First - Generic Repository\Database First - Generic Repository.csproj", "{8065CD2B-7F0D-48E2-BFC7-F50A1B8C9F62}"
EndProject
Project("{2150E333-8FDC-42A3-9474-1A3956D46DE8}") = "Database First", "Database First", "{A8CF071F-6321-4312-9AC7-B8FE1C973CD0}"
EndProject
Project("{2150E333-8FDC-42A3-9474-1A3956D46DE8}") = "Code First", "Code First", "{B742B708-5B31-47E8-A013-526DCBCA7E51}"
EndProject
Project("{2150E333-8FDC-42A3-9474-1A3956D46DE8}") = "Approach", "Approach", "{B7E3615B-23C6-4C10-AB41-4019CD4EE54E}"
EndProject
Project("{FAE04EC0-301F-11D3-BF4B-00C04F79EFBC}") = "Database First - Integration Test", "Database First - Integration Test\Database First - Integration Test.csproj", "{372BB33F-A932-4CFC-A29E-AA0A1DB76534}"
EndProject
Project("{FAE04EC0-301F-11D3-BF4B-00C04F79EFBC}") = "Database First - Colors and Diagrams", "Database First - Colors and Diagrams\Database First - Colors and Diagrams.csproj", "{CE0F8589-A1E6-42CA-8CB5-DA23B7E8F855}"
EndProject
Project("{FAE04EC0-301F-11D3-BF4B-00C04F79EFBC}") = "Database First - Enum Mapping", "Database First - Enum Mapping\Database First - Enum Mapping.csproj", "{C65628E7-CFC7-4BC5-AB43-2F885CC8C78A}"
EndProject
Project("{FAE04EC0-301F-11D3-BF4B-00C04F79EFBC}") = "Code First - Data Migration", "Code First - Data Migration\Code First - Data Migration.csproj", "{02DA0D00-5D85-4546-95DF-2E051190B52E}"
EndProject
Project("{FAE04EC0-301F-11D3-BF4B-00C04F79EFBC}") = "Database First - Data Load Methods", "Database First - Data Load Methods\Database First - Data Load Methods.csproj", "{3184E1DB-9100-4FB3-9F32-432189D41131}"
EndProject
Project("{FAE04EC0-301F-11D3-BF4B-00C04F79EFBC}") = "Approach - Code First From Database", "Approach - Code First From Database\Approach - Code First From Database.csproj", "{610E329B-BC8B-44DB-9C5C-91504C1E71C6}"
EndProject
Project("{FAE04EC0-301F-11D3-BF4B-00C04F79EFBC}") = "Code First - EF Power Tools", "Code First - EF Power Tools\Code First - EF Power Tools.csproj", "{D4CB9DC6-8477-44DF-B0B6-EC5ECAA5A820}"
EndProject
Global
	GlobalSection(SolutionConfigurationPlatforms) = preSolution
		Debug|Any CPU = Debug|Any CPU
		Release|Any CPU = Release|Any CPU
	EndGlobalSection
	GlobalSection(ProjectConfigurationPlatforms) = postSolution
		{A0D6EC67-9A4C-450C-BC3F-D03161D0FD47}.Debug|Any CPU.ActiveCfg = Debug|Any CPU
		{A0D6EC67-9A4C-450C-BC3F-D03161D0FD47}.Debug|Any CPU.Build.0 = Debug|Any CPU
		{A0D6EC67-9A4C-450C-BC3F-D03161D0FD47}.Release|Any CPU.ActiveCfg = Release|Any CPU
		{A0D6EC67-9A4C-450C-BC3F-D03161D0FD47}.Release|Any CPU.Build.0 = Release|Any CPU
		{DC4CA29A-7B41-4460-980C-6190391AD229}.Debug|Any CPU.ActiveCfg = Debug|Any CPU
		{DC4CA29A-7B41-4460-980C-6190391AD229}.Debug|Any CPU.Build.0 = Debug|Any CPU
		{DC4CA29A-7B41-4460-980C-6190391AD229}.Release|Any CPU.ActiveCfg = Release|Any CPU
		{DC4CA29A-7B41-4460-980C-6190391AD229}.Release|Any CPU.Build.0 = Release|Any CPU
		{14DAB850-0F9F-4F90-802E-1C13147413B4}.Debug|Any CPU.ActiveCfg = Debug|Any CPU
		{14DAB850-0F9F-4F90-802E-1C13147413B4}.Debug|Any CPU.Build.0 = Debug|Any CPU
		{14DAB850-0F9F-4F90-802E-1C13147413B4}.Release|Any CPU.ActiveCfg = Release|Any CPU
		{14DAB850-0F9F-4F90-802E-1C13147413B4}.Release|Any CPU.Build.0 = Release|Any CPU
		{E24A0007-2AFB-463F-8E35-4DF667CF5107}.Debug|Any CPU.ActiveCfg = Debug|Any CPU
		{E24A0007-2AFB-463F-8E35-4DF667CF5107}.Debug|Any CPU.Build.0 = Debug|Any CPU
		{E24A0007-2AFB-463F-8E35-4DF667CF5107}.Release|Any CPU.ActiveCfg = Release|Any CPU
		{E24A0007-2AFB-463F-8E35-4DF667CF5107}.Release|Any CPU.Build.0 = Release|Any CPU
		{0B345CDC-B2CC-4B1B-B908-BE32B6E4A8D4}.Debug|Any CPU.ActiveCfg = Debug|Any CPU
		{0B345CDC-B2CC-4B1B-B908-BE32B6E4A8D4}.Debug|Any CPU.Build.0 = Debug|Any CPU
		{0B345CDC-B2CC-4B1B-B908-BE32B6E4A8D4}.Release|Any CPU.ActiveCfg = Release|Any CPU
		{0B345CDC-B2CC-4B1B-B908-BE32B6E4A8D4}.Release|Any CPU.Build.0 = Release|Any CPU
		{E6CECE1F-77BB-4ED7-A21F-9DFA63189198}.Debug|Any CPU.ActiveCfg = Debug|Any CPU
		{E6CECE1F-77BB-4ED7-A21F-9DFA63189198}.Debug|Any CPU.Build.0 = Debug|Any CPU
		{E6CECE1F-77BB-4ED7-A21F-9DFA63189198}.Release|Any CPU.ActiveCfg = Release|Any CPU
		{E6CECE1F-77BB-4ED7-A21F-9DFA63189198}.Release|Any CPU.Build.0 = Release|Any CPU
		{8C593D5F-BCC5-409F-96F0-019F9B8448D0}.Debug|Any CPU.ActiveCfg = Debug|Any CPU
		{8C593D5F-BCC5-409F-96F0-019F9B8448D0}.Debug|Any CPU.Build.0 = Debug|Any CPU
		{8C593D5F-BCC5-409F-96F0-019F9B8448D0}.Release|Any CPU.ActiveCfg = Release|Any CPU
		{8C593D5F-BCC5-409F-96F0-019F9B8448D0}.Release|Any CPU.Build.0 = Release|Any CPU
		{95DF3BFD-DD1E-48EB-A8D2-528F6910822E}.Debug|Any CPU.ActiveCfg = Debug|Any CPU
		{95DF3BFD-DD1E-48EB-A8D2-528F6910822E}.Debug|Any CPU.Build.0 = Debug|Any CPU
		{95DF3BFD-DD1E-48EB-A8D2-528F6910822E}.Release|Any CPU.ActiveCfg = Release|Any CPU
		{95DF3BFD-DD1E-48EB-A8D2-528F6910822E}.Release|Any CPU.Build.0 = Release|Any CPU
		{17A73297-ACA7-48F7-9195-9712E80A1CB9}.Debug|Any CPU.ActiveCfg = Debug|Any CPU
		{17A73297-ACA7-48F7-9195-9712E80A1CB9}.Debug|Any CPU.Build.0 = Debug|Any CPU
		{17A73297-ACA7-48F7-9195-9712E80A1CB9}.Release|Any CPU.ActiveCfg = Release|Any CPU
		{17A73297-ACA7-48F7-9195-9712E80A1CB9}.Release|Any CPU.Build.0 = Release|Any CPU
		{CD6A1D96-0318-47A5-AD3C-26BF0847AEF7}.Debug|Any CPU.ActiveCfg = Debug|Any CPU
		{CD6A1D96-0318-47A5-AD3C-26BF0847AEF7}.Debug|Any CPU.Build.0 = Debug|Any CPU
		{CD6A1D96-0318-47A5-AD3C-26BF0847AEF7}.Release|Any CPU.ActiveCfg = Release|Any CPU
		{CD6A1D96-0318-47A5-AD3C-26BF0847AEF7}.Release|Any CPU.Build.0 = Release|Any CPU
		{536279D6-6830-4255-89B1-0EFA020DA58B}.Debug|Any CPU.ActiveCfg = Debug|Any CPU
		{536279D6-6830-4255-89B1-0EFA020DA58B}.Debug|Any CPU.Build.0 = Debug|Any CPU
		{536279D6-6830-4255-89B1-0EFA020DA58B}.Release|Any CPU.ActiveCfg = Release|Any CPU
		{536279D6-6830-4255-89B1-0EFA020DA58B}.Release|Any CPU.Build.0 = Release|Any CPU
		{C675B842-A488-4428-A89F-F3EEBB45F251}.Debug|Any CPU.ActiveCfg = Debug|Any CPU
		{C675B842-A488-4428-A89F-F3EEBB45F251}.Debug|Any CPU.Build.0 = Debug|Any CPU
		{C675B842-A488-4428-A89F-F3EEBB45F251}.Release|Any CPU.ActiveCfg = Release|Any CPU
		{C675B842-A488-4428-A89F-F3EEBB45F251}.Release|Any CPU.Build.0 = Release|Any CPU
		{6996F02A-459E-44C7-AC8B-7299C38BAEA9}.Debug|Any CPU.ActiveCfg = Debug|Any CPU
		{6996F02A-459E-44C7-AC8B-7299C38BAEA9}.Debug|Any CPU.Build.0 = Debug|Any CPU
		{6996F02A-459E-44C7-AC8B-7299C38BAEA9}.Release|Any CPU.ActiveCfg = Release|Any CPU
		{6996F02A-459E-44C7-AC8B-7299C38BAEA9}.Release|Any CPU.Build.0 = Release|Any CPU
		{28B31E15-485C-4476-A884-AFDE42147E45}.Debug|Any CPU.ActiveCfg = Debug|Any CPU
		{28B31E15-485C-4476-A884-AFDE42147E45}.Debug|Any CPU.Build.0 = Debug|Any CPU
		{28B31E15-485C-4476-A884-AFDE42147E45}.Release|Any CPU.ActiveCfg = Release|Any CPU
		{28B31E15-485C-4476-A884-AFDE42147E45}.Release|Any CPU.Build.0 = Release|Any CPU
		{C84C1D6C-3BB4-4FDF-A092-FB2A1A452DCC}.Debug|Any CPU.ActiveCfg = Debug|Any CPU
		{C84C1D6C-3BB4-4FDF-A092-FB2A1A452DCC}.Debug|Any CPU.Build.0 = Debug|Any CPU
		{C84C1D6C-3BB4-4FDF-A092-FB2A1A452DCC}.Release|Any CPU.ActiveCfg = Release|Any CPU
		{C84C1D6C-3BB4-4FDF-A092-FB2A1A452DCC}.Release|Any CPU.Build.0 = Release|Any CPU
		{8065CD2B-7F0D-48E2-BFC7-F50A1B8C9F62}.Debug|Any CPU.ActiveCfg = Debug|Any CPU
		{8065CD2B-7F0D-48E2-BFC7-F50A1B8C9F62}.Debug|Any CPU.Build.0 = Debug|Any CPU
		{8065CD2B-7F0D-48E2-BFC7-F50A1B8C9F62}.Release|Any CPU.ActiveCfg = Release|Any CPU
		{8065CD2B-7F0D-48E2-BFC7-F50A1B8C9F62}.Release|Any CPU.Build.0 = Release|Any CPU
		{372BB33F-A932-4CFC-A29E-AA0A1DB76534}.Debug|Any CPU.ActiveCfg = Debug|Any CPU
		{372BB33F-A932-4CFC-A29E-AA0A1DB76534}.Debug|Any CPU.Build.0 = Debug|Any CPU
		{372BB33F-A932-4CFC-A29E-AA0A1DB76534}.Release|Any CPU.ActiveCfg = Release|Any CPU
		{372BB33F-A932-4CFC-A29E-AA0A1DB76534}.Release|Any CPU.Build.0 = Release|Any CPU
		{CE0F8589-A1E6-42CA-8CB5-DA23B7E8F855}.Debug|Any CPU.ActiveCfg = Debug|Any CPU
		{CE0F8589-A1E6-42CA-8CB5-DA23B7E8F855}.Debug|Any CPU.Build.0 = Debug|Any CPU
		{CE0F8589-A1E6-42CA-8CB5-DA23B7E8F855}.Release|Any CPU.ActiveCfg = Release|Any CPU
		{CE0F8589-A1E6-42CA-8CB5-DA23B7E8F855}.Release|Any CPU.Build.0 = Release|Any CPU
		{C65628E7-CFC7-4BC5-AB43-2F885CC8C78A}.Debug|Any CPU.ActiveCfg = Debug|Any CPU
		{C65628E7-CFC7-4BC5-AB43-2F885CC8C78A}.Debug|Any CPU.Build.0 = Debug|Any CPU
		{C65628E7-CFC7-4BC5-AB43-2F885CC8C78A}.Release|Any CPU.ActiveCfg = Release|Any CPU
		{C65628E7-CFC7-4BC5-AB43-2F885CC8C78A}.Release|Any CPU.Build.0 = Release|Any CPU
		{02DA0D00-5D85-4546-95DF-2E051190B52E}.Debug|Any CPU.ActiveCfg = Debug|Any CPU
		{02DA0D00-5D85-4546-95DF-2E051190B52E}.Debug|Any CPU.Build.0 = Debug|Any CPU
		{02DA0D00-5D85-4546-95DF-2E051190B52E}.Release|Any CPU.ActiveCfg = Release|Any CPU
		{02DA0D00-5D85-4546-95DF-2E051190B52E}.Release|Any CPU.Build.0 = Release|Any CPU
		{3184E1DB-9100-4FB3-9F32-432189D41131}.Debug|Any CPU.ActiveCfg = Debug|Any CPU
		{3184E1DB-9100-4FB3-9F32-432189D41131}.Debug|Any CPU.Build.0 = Debug|Any CPU
		{3184E1DB-9100-4FB3-9F32-432189D41131}.Release|Any CPU.ActiveCfg = Release|Any CPU
		{3184E1DB-9100-4FB3-9F32-432189D41131}.Release|Any CPU.Build.0 = Release|Any CPU
		{610E329B-BC8B-44DB-9C5C-91504C1E71C6}.Debug|Any CPU.ActiveCfg = Debug|Any CPU
		{610E329B-BC8B-44DB-9C5C-91504C1E71C6}.Debug|Any CPU.Build.0 = Debug|Any CPU
		{610E329B-BC8B-44DB-9C5C-91504C1E71C6}.Release|Any CPU.ActiveCfg = Release|Any CPU
		{610E329B-BC8B-44DB-9C5C-91504C1E71C6}.Release|Any CPU.Build.0 = Release|Any CPU
		{D4CB9DC6-8477-44DF-B0B6-EC5ECAA5A820}.Debug|Any CPU.ActiveCfg = Debug|Any CPU
		{D4CB9DC6-8477-44DF-B0B6-EC5ECAA5A820}.Debug|Any CPU.Build.0 = Debug|Any CPU
		{D4CB9DC6-8477-44DF-B0B6-EC5ECAA5A820}.Release|Any CPU.ActiveCfg = Release|Any CPU
		{D4CB9DC6-8477-44DF-B0B6-EC5ECAA5A820}.Release|Any CPU.Build.0 = Release|Any CPU
	EndGlobalSection
	GlobalSection(SolutionProperties) = preSolution
		HideSolutionNode = FALSE
	EndGlobalSection
	GlobalSection(NestedProjects) = preSolution
		{A0D6EC67-9A4C-450C-BC3F-D03161D0FD47} = {A8CF071F-6321-4312-9AC7-B8FE1C973CD0}
		{DC4CA29A-7B41-4460-980C-6190391AD229} = {A8CF071F-6321-4312-9AC7-B8FE1C973CD0}
		{14DAB850-0F9F-4F90-802E-1C13147413B4} = {A8CF071F-6321-4312-9AC7-B8FE1C973CD0}
		{E24A0007-2AFB-463F-8E35-4DF667CF5107} = {A8CF071F-6321-4312-9AC7-B8FE1C973CD0}
		{E6CECE1F-77BB-4ED7-A21F-9DFA63189198} = {B7E3615B-23C6-4C10-AB41-4019CD4EE54E}
		{8C593D5F-BCC5-409F-96F0-019F9B8448D0} = {B7E3615B-23C6-4C10-AB41-4019CD4EE54E}
		{95DF3BFD-DD1E-48EB-A8D2-528F6910822E} = {B7E3615B-23C6-4C10-AB41-4019CD4EE54E}
		{17A73297-ACA7-48F7-9195-9712E80A1CB9} = {B742B708-5B31-47E8-A013-526DCBCA7E51}
		{CD6A1D96-0318-47A5-AD3C-26BF0847AEF7} = {B742B708-5B31-47E8-A013-526DCBCA7E51}
		{536279D6-6830-4255-89B1-0EFA020DA58B} = {A8CF071F-6321-4312-9AC7-B8FE1C973CD0}
		{C675B842-A488-4428-A89F-F3EEBB45F251} = {A8CF071F-6321-4312-9AC7-B8FE1C973CD0}
		{6996F02A-459E-44C7-AC8B-7299C38BAEA9} = {A8CF071F-6321-4312-9AC7-B8FE1C973CD0}
		{28B31E15-485C-4476-A884-AFDE42147E45} = {A8CF071F-6321-4312-9AC7-B8FE1C973CD0}
		{C84C1D6C-3BB4-4FDF-A092-FB2A1A452DCC} = {A8CF071F-6321-4312-9AC7-B8FE1C973CD0}
		{8065CD2B-7F0D-48E2-BFC7-F50A1B8C9F62} = {A8CF071F-6321-4312-9AC7-B8FE1C973CD0}
		{372BB33F-A932-4CFC-A29E-AA0A1DB76534} = {A8CF071F-6321-4312-9AC7-B8FE1C973CD0}
		{CE0F8589-A1E6-42CA-8CB5-DA23B7E8F855} = {A8CF071F-6321-4312-9AC7-B8FE1C973CD0}
		{C65628E7-CFC7-4BC5-AB43-2F885CC8C78A} = {A8CF071F-6321-4312-9AC7-B8FE1C973CD0}
		{02DA0D00-5D85-4546-95DF-2E051190B52E} = {B742B708-5B31-47E8-A013-526DCBCA7E51}
		{3184E1DB-9100-4FB3-9F32-432189D41131} = {A8CF071F-6321-4312-9AC7-B8FE1C973CD0}
		{610E329B-BC8B-44DB-9C5C-91504C1E71C6} = {B7E3615B-23C6-4C10-AB41-4019CD4EE54E}
		{D4CB9DC6-8477-44DF-B0B6-EC5ECAA5A820} = {B742B708-5B31-47E8-A013-526DCBCA7E51}
	EndGlobalSection
EndGlobal
