
Microsoft Visual Studio Solution File, Format Version 12.00
# Visual Studio 14
VisualStudioVersion = 14.0.25420.1
MinimumVisualStudioVersion = 10.0.40219.1
Project("{2150E333-8FDC-42A3-9474-1A3956D46DE8}") = "Solution Items", "Solution Items", "{563A1764-03B1-43A1-8923-036DD56A99FA}"
	ProjectSection(SolutionItems) = preProject
		Notes.txt = Notes.txt
	EndProjectSection
EndProject
Project("{FAE04EC0-301F-11D3-BF4B-00C04F79EFBC}") = "Chaining", "Chaining\Chaining.csproj", "{7280D448-DD4D-4A40-9C13-6F801431E4C0}"
EndProject
Project("{FAE04EC0-301F-11D3-BF4B-00C04F79EFBC}") = "Overloading", "Overloading\Overloading.csproj", "{566B93AC-5189-4E06-BC08-7B38B525CEC3}"
EndProject
Project("{FAE04EC0-301F-11D3-BF4B-00C04F79EFBC}") = "Instance - Static Constructors", "Instance - Static Constructors\Instance - Static Constructors.csproj", "{7051932E-C74D-47B1-93B8-7CDF43CC2881}"
EndProject
Project("{FAE04EC0-301F-11D3-BF4B-00C04F79EFBC}") = "Introduction", "Introduction\Introduction.csproj", "{AA0541D7-85E8-4FFC-AA4D-23BE76741DE5}"
EndProject
Global
	GlobalSection(SolutionConfigurationPlatforms) = preSolution
		Debug|Any CPU = Debug|Any CPU
		Release|Any CPU = Release|Any CPU
	EndGlobalSection
	GlobalSection(ProjectConfigurationPlatforms) = postSolution
		{7280D448-DD4D-4A40-9C13-6F801431E4C0}.Debug|Any CPU.ActiveCfg = Debug|Any CPU
		{7280D448-DD4D-4A40-9C13-6F801431E4C0}.Debug|Any CPU.Build.0 = Debug|Any CPU
		{7280D448-DD4D-4A40-9C13-6F801431E4C0}.Release|Any CPU.ActiveCfg = Release|Any CPU
		{7280D448-DD4D-4A40-9C13-6F801431E4C0}.Release|Any CPU.Build.0 = Release|Any CPU
		{566B93AC-5189-4E06-BC08-7B38B525CEC3}.Debug|Any CPU.ActiveCfg = Debug|Any CPU
		{566B93AC-5189-4E06-BC08-7B38B525CEC3}.Debug|Any CPU.Build.0 = Debug|Any CPU
		{566B93AC-5189-4E06-BC08-7B38B525CEC3}.Release|Any CPU.ActiveCfg = Release|Any CPU
		{566B93AC-5189-4E06-BC08-7B38B525CEC3}.Release|Any CPU.Build.0 = Release|Any CPU
		{7051932E-C74D-47B1-93B8-7CDF43CC2881}.Debug|Any CPU.ActiveCfg = Debug|Any CPU
		{7051932E-C74D-47B1-93B8-7CDF43CC2881}.Debug|Any CPU.Build.0 = Debug|Any CPU
		{7051932E-C74D-47B1-93B8-7CDF43CC2881}.Release|Any CPU.ActiveCfg = Release|Any CPU
		{7051932E-C74D-47B1-93B8-7CDF43CC2881}.Release|Any CPU.Build.0 = Release|Any CPU
		{AA0541D7-85E8-4FFC-AA4D-23BE76741DE5}.Debug|Any CPU.ActiveCfg = Debug|Any CPU
		{AA0541D7-85E8-4FFC-AA4D-23BE76741DE5}.Debug|Any CPU.Build.0 = Debug|Any CPU
		{AA0541D7-85E8-4FFC-AA4D-23BE76741DE5}.Release|Any CPU.ActiveCfg = Release|Any CPU
		{AA0541D7-85E8-4FFC-AA4D-23BE76741DE5}.Release|Any CPU.Build.0 = Release|Any CPU
	EndGlobalSection
	GlobalSection(SolutionProperties) = preSolution
		HideSolutionNode = FALSE
	EndGlobalSection
EndGlobal
