
Microsoft Visual Studio Solution File, Format Version 12.00
# Visual Studio 2012
Project("{FAE04EC0-301F-11D3-BF4B-00C04F79EFBC}") = "Template Method", "Template Method\Template Method.csproj", "{01D53F26-A42B-4A79-9986-4173F26BFDBC}"
EndProject
Project("{FAE04EC0-301F-11D3-BF4B-00C04F79EFBC}") = "Chain of Responsibility", "Chain of Responsibility\Chain of Responsibility.csproj", "{172C9536-7537-4A42-A9F3-8411DBCFF4AE}"
EndProject
Project("{2150E333-8FDC-42A3-9474-1A3956D46DE8}") = "Dependency Injection", "Dependency Injection", "{B494F45F-44B6-45E1-8222-BDD81E6BCC03}"
EndProject
Project("{FAE04EC0-301F-11D3-BF4B-00C04F79EFBC}") = "DI.Coupled", "Dependency Injection\DI.Coupled\DI.Coupled.csproj", "{BB9D9B76-829A-4ABA-82D4-06DCEE6A0566}"
EndProject
Project("{FAE04EC0-301F-11D3-BF4B-00C04F79EFBC}") = "DI.Abstraction", "Dependency Injection\DI.Abstraction\DI.Abstraction.csproj", "{42904E23-1B67-4ED5-92B8-CB838C2DDFC7}"
EndProject
Project("{FAE04EC0-301F-11D3-BF4B-00C04F79EFBC}") = "DI.Abstraction.Tests", "Dependency Injection\DI.Abstraction.Tests\DI.Abstraction.Tests.csproj", "{C18634D6-C415-4664-BFB3-BD843153384D}"
EndProject
Project("{2150E333-8FDC-42A3-9474-1A3956D46DE8}") = "Containers", "Containers", "{1490056D-7EA6-4AAD-8E6C-14B726B6EC8F}"
EndProject
Project("{FAE04EC0-301F-11D3-BF4B-00C04F79EFBC}") = "DI.Unity", "Dependency Injection\Containers\DI.Unity\DI.Unity.csproj", "{F6DB6790-438D-4505-A728-189DB87433DF}"
EndProject
Project("{FAE04EC0-301F-11D3-BF4B-00C04F79EFBC}") = "DI.StructureMap", "Dependency Injection\Containers\DI.StructureMap\DI.StructureMap.csproj", "{1129694A-CA88-482B-8569-FA8A2889E423}"
EndProject
Project("{FAE04EC0-301F-11D3-BF4B-00C04F79EFBC}") = "DI.Skeet", "Dependency Injection\Containers\DI.Skeet\DI.Skeet.csproj", "{EA50C86E-220A-41F0-8383-B6FFCF0D6F62}"
EndProject
Project("{FAE04EC0-301F-11D3-BF4B-00C04F79EFBC}") = "DI.NInject", "Dependency Injection\Containers\DI.Ninject\DI.NInject.csproj", "{323074E9-B59A-4FBC-9E10-0AAC0B1E54AE}"
EndProject
Project("{FAE04EC0-301F-11D3-BF4B-00C04F79EFBC}") = "DI.MEF", "Dependency Injection\Containers\DI.MEF\DI.MEF.csproj", "{E95DF455-CEC4-43EE-B26B-319D9F6CCD35}"
EndProject
Project("{FAE04EC0-301F-11D3-BF4B-00C04F79EFBC}") = "DI.CastleWindsor", "Dependency Injection\Containers\DI.CastleWindsor\DI.CastleWindsor.csproj", "{BA99AE95-75B4-47B8-A6CE-30D8B61B8DEB}"
EndProject
Project("{FAE04EC0-301F-11D3-BF4B-00C04F79EFBC}") = "DI.Autofac", "Dependency Injection\Containers\DI.Autofac\DI.Autofac.csproj", "{559D85DE-CE2F-4C76-ABF5-7889C2F8464E}"
EndProject
Project("{FAE04EC0-301F-11D3-BF4B-00C04F79EFBC}") = "Singleton", "Singleton\Singleton.csproj", "{5E77E572-8E5D-43A2-A580-F530A8EFB5F0}"
EndProject
Global
	GlobalSection(SolutionConfigurationPlatforms) = preSolution
		Debug|Any CPU = Debug|Any CPU
		Release|Any CPU = Release|Any CPU
	EndGlobalSection
	GlobalSection(ProjectConfigurationPlatforms) = postSolution
		{01D53F26-A42B-4A79-9986-4173F26BFDBC}.Debug|Any CPU.ActiveCfg = Debug|Any CPU
		{01D53F26-A42B-4A79-9986-4173F26BFDBC}.Debug|Any CPU.Build.0 = Debug|Any CPU
		{01D53F26-A42B-4A79-9986-4173F26BFDBC}.Release|Any CPU.ActiveCfg = Release|Any CPU
		{01D53F26-A42B-4A79-9986-4173F26BFDBC}.Release|Any CPU.Build.0 = Release|Any CPU
		{172C9536-7537-4A42-A9F3-8411DBCFF4AE}.Debug|Any CPU.ActiveCfg = Debug|Any CPU
		{172C9536-7537-4A42-A9F3-8411DBCFF4AE}.Debug|Any CPU.Build.0 = Debug|Any CPU
		{172C9536-7537-4A42-A9F3-8411DBCFF4AE}.Release|Any CPU.ActiveCfg = Release|Any CPU
		{172C9536-7537-4A42-A9F3-8411DBCFF4AE}.Release|Any CPU.Build.0 = Release|Any CPU
		{BB9D9B76-829A-4ABA-82D4-06DCEE6A0566}.Debug|Any CPU.ActiveCfg = Debug|Any CPU
		{BB9D9B76-829A-4ABA-82D4-06DCEE6A0566}.Debug|Any CPU.Build.0 = Debug|Any CPU
		{BB9D9B76-829A-4ABA-82D4-06DCEE6A0566}.Release|Any CPU.ActiveCfg = Release|Any CPU
		{BB9D9B76-829A-4ABA-82D4-06DCEE6A0566}.Release|Any CPU.Build.0 = Release|Any CPU
		{42904E23-1B67-4ED5-92B8-CB838C2DDFC7}.Debug|Any CPU.ActiveCfg = Debug|Any CPU
		{42904E23-1B67-4ED5-92B8-CB838C2DDFC7}.Debug|Any CPU.Build.0 = Debug|Any CPU
		{42904E23-1B67-4ED5-92B8-CB838C2DDFC7}.Release|Any CPU.ActiveCfg = Release|Any CPU
		{42904E23-1B67-4ED5-92B8-CB838C2DDFC7}.Release|Any CPU.Build.0 = Release|Any CPU
		{C18634D6-C415-4664-BFB3-BD843153384D}.Debug|Any CPU.ActiveCfg = Debug|Any CPU
		{C18634D6-C415-4664-BFB3-BD843153384D}.Debug|Any CPU.Build.0 = Debug|Any CPU
		{C18634D6-C415-4664-BFB3-BD843153384D}.Release|Any CPU.ActiveCfg = Release|Any CPU
		{C18634D6-C415-4664-BFB3-BD843153384D}.Release|Any CPU.Build.0 = Release|Any CPU
		{F6DB6790-438D-4505-A728-189DB87433DF}.Debug|Any CPU.ActiveCfg = Debug|Any CPU
		{F6DB6790-438D-4505-A728-189DB87433DF}.Debug|Any CPU.Build.0 = Debug|Any CPU
		{F6DB6790-438D-4505-A728-189DB87433DF}.Release|Any CPU.ActiveCfg = Release|Any CPU
		{F6DB6790-438D-4505-A728-189DB87433DF}.Release|Any CPU.Build.0 = Release|Any CPU
		{1129694A-CA88-482B-8569-FA8A2889E423}.Debug|Any CPU.ActiveCfg = Debug|Any CPU
		{1129694A-CA88-482B-8569-FA8A2889E423}.Debug|Any CPU.Build.0 = Debug|Any CPU
		{1129694A-CA88-482B-8569-FA8A2889E423}.Release|Any CPU.ActiveCfg = Release|Any CPU
		{1129694A-CA88-482B-8569-FA8A2889E423}.Release|Any CPU.Build.0 = Release|Any CPU
		{EA50C86E-220A-41F0-8383-B6FFCF0D6F62}.Debug|Any CPU.ActiveCfg = Debug|Any CPU
		{EA50C86E-220A-41F0-8383-B6FFCF0D6F62}.Debug|Any CPU.Build.0 = Debug|Any CPU
		{EA50C86E-220A-41F0-8383-B6FFCF0D6F62}.Release|Any CPU.ActiveCfg = Release|Any CPU
		{EA50C86E-220A-41F0-8383-B6FFCF0D6F62}.Release|Any CPU.Build.0 = Release|Any CPU
		{323074E9-B59A-4FBC-9E10-0AAC0B1E54AE}.Debug|Any CPU.ActiveCfg = Debug|Any CPU
		{323074E9-B59A-4FBC-9E10-0AAC0B1E54AE}.Debug|Any CPU.Build.0 = Debug|Any CPU
		{323074E9-B59A-4FBC-9E10-0AAC0B1E54AE}.Release|Any CPU.ActiveCfg = Release|Any CPU
		{323074E9-B59A-4FBC-9E10-0AAC0B1E54AE}.Release|Any CPU.Build.0 = Release|Any CPU
		{E95DF455-CEC4-43EE-B26B-319D9F6CCD35}.Debug|Any CPU.ActiveCfg = Debug|Any CPU
		{E95DF455-CEC4-43EE-B26B-319D9F6CCD35}.Debug|Any CPU.Build.0 = Debug|Any CPU
		{E95DF455-CEC4-43EE-B26B-319D9F6CCD35}.Release|Any CPU.ActiveCfg = Release|Any CPU
		{E95DF455-CEC4-43EE-B26B-319D9F6CCD35}.Release|Any CPU.Build.0 = Release|Any CPU
		{BA99AE95-75B4-47B8-A6CE-30D8B61B8DEB}.Debug|Any CPU.ActiveCfg = Debug|Any CPU
		{BA99AE95-75B4-47B8-A6CE-30D8B61B8DEB}.Debug|Any CPU.Build.0 = Debug|Any CPU
		{BA99AE95-75B4-47B8-A6CE-30D8B61B8DEB}.Release|Any CPU.ActiveCfg = Release|Any CPU
		{BA99AE95-75B4-47B8-A6CE-30D8B61B8DEB}.Release|Any CPU.Build.0 = Release|Any CPU
		{559D85DE-CE2F-4C76-ABF5-7889C2F8464E}.Debug|Any CPU.ActiveCfg = Debug|Any CPU
		{559D85DE-CE2F-4C76-ABF5-7889C2F8464E}.Debug|Any CPU.Build.0 = Debug|Any CPU
		{559D85DE-CE2F-4C76-ABF5-7889C2F8464E}.Release|Any CPU.ActiveCfg = Release|Any CPU
		{559D85DE-CE2F-4C76-ABF5-7889C2F8464E}.Release|Any CPU.Build.0 = Release|Any CPU
		{5E77E572-8E5D-43A2-A580-F530A8EFB5F0}.Debug|Any CPU.ActiveCfg = Debug|Any CPU
		{5E77E572-8E5D-43A2-A580-F530A8EFB5F0}.Debug|Any CPU.Build.0 = Debug|Any CPU
		{5E77E572-8E5D-43A2-A580-F530A8EFB5F0}.Release|Any CPU.ActiveCfg = Release|Any CPU
		{5E77E572-8E5D-43A2-A580-F530A8EFB5F0}.Release|Any CPU.Build.0 = Release|Any CPU
	EndGlobalSection
	GlobalSection(SolutionProperties) = preSolution
		HideSolutionNode = FALSE
	EndGlobalSection
	GlobalSection(NestedProjects) = preSolution
		{BB9D9B76-829A-4ABA-82D4-06DCEE6A0566} = {B494F45F-44B6-45E1-8222-BDD81E6BCC03}
		{42904E23-1B67-4ED5-92B8-CB838C2DDFC7} = {B494F45F-44B6-45E1-8222-BDD81E6BCC03}
		{C18634D6-C415-4664-BFB3-BD843153384D} = {B494F45F-44B6-45E1-8222-BDD81E6BCC03}
		{1490056D-7EA6-4AAD-8E6C-14B726B6EC8F} = {B494F45F-44B6-45E1-8222-BDD81E6BCC03}
		{F6DB6790-438D-4505-A728-189DB87433DF} = {1490056D-7EA6-4AAD-8E6C-14B726B6EC8F}
		{1129694A-CA88-482B-8569-FA8A2889E423} = {1490056D-7EA6-4AAD-8E6C-14B726B6EC8F}
		{EA50C86E-220A-41F0-8383-B6FFCF0D6F62} = {1490056D-7EA6-4AAD-8E6C-14B726B6EC8F}
		{323074E9-B59A-4FBC-9E10-0AAC0B1E54AE} = {1490056D-7EA6-4AAD-8E6C-14B726B6EC8F}
		{E95DF455-CEC4-43EE-B26B-319D9F6CCD35} = {1490056D-7EA6-4AAD-8E6C-14B726B6EC8F}
		{BA99AE95-75B4-47B8-A6CE-30D8B61B8DEB} = {1490056D-7EA6-4AAD-8E6C-14B726B6EC8F}
		{559D85DE-CE2F-4C76-ABF5-7889C2F8464E} = {1490056D-7EA6-4AAD-8E6C-14B726B6EC8F}
	EndGlobalSection
EndGlobal
