
Microsoft Visual Studio Solution File, Format Version 12.00
# Visual Studio 2012
Project("{FAE04EC0-301F-11D3-BF4B-00C04F79EFBC}") = "Action Delegate", "Action Delegate\Action Delegate.csproj", "{F5DA1929-262E-46DB-8E07-0DDE70FC7757}"
EndProject
Project("{2150E333-8FDC-42A3-9474-1A3956D46DE8}") = "Solution Items", "Solution Items", "{F484BAAD-18AD-4775-A734-28235EB83648}"
	ProjectSection(SolutionItems) = preProject
		Notes.txt = Notes.txt
		Sequence.txt = Sequence.txt
	EndProjectSection
EndProject
Project("{FAE04EC0-301F-11D3-BF4B-00C04F79EFBC}") = "Func Delegate", "Func Delegate\Func Delegate.csproj", "{A7813613-9363-48A1-B389-228CB723A192}"
EndProject
Project("{FAE04EC0-301F-11D3-BF4B-00C04F79EFBC}") = "Predicate Delegate", "Predicate Delegate\Predicate Delegate.csproj", "{0D7DFFC3-1B7C-42F9-819E-EB18851A9B5C}"
EndProject
Global
	GlobalSection(SolutionConfigurationPlatforms) = preSolution
		Debug|Any CPU = Debug|Any CPU
		Release|Any CPU = Release|Any CPU
	EndGlobalSection
	GlobalSection(ProjectConfigurationPlatforms) = postSolution
		{F5DA1929-262E-46DB-8E07-0DDE70FC7757}.Debug|Any CPU.ActiveCfg = Debug|Any CPU
		{F5DA1929-262E-46DB-8E07-0DDE70FC7757}.Debug|Any CPU.Build.0 = Debug|Any CPU
		{F5DA1929-262E-46DB-8E07-0DDE70FC7757}.Release|Any CPU.ActiveCfg = Release|Any CPU
		{F5DA1929-262E-46DB-8E07-0DDE70FC7757}.Release|Any CPU.Build.0 = Release|Any CPU
		{A7813613-9363-48A1-B389-228CB723A192}.Debug|Any CPU.ActiveCfg = Debug|Any CPU
		{A7813613-9363-48A1-B389-228CB723A192}.Debug|Any CPU.Build.0 = Debug|Any CPU
		{A7813613-9363-48A1-B389-228CB723A192}.Release|Any CPU.ActiveCfg = Release|Any CPU
		{A7813613-9363-48A1-B389-228CB723A192}.Release|Any CPU.Build.0 = Release|Any CPU
		{0D7DFFC3-1B7C-42F9-819E-EB18851A9B5C}.Debug|Any CPU.ActiveCfg = Debug|Any CPU
		{0D7DFFC3-1B7C-42F9-819E-EB18851A9B5C}.Debug|Any CPU.Build.0 = Debug|Any CPU
		{0D7DFFC3-1B7C-42F9-819E-EB18851A9B5C}.Release|Any CPU.ActiveCfg = Release|Any CPU
		{0D7DFFC3-1B7C-42F9-819E-EB18851A9B5C}.Release|Any CPU.Build.0 = Release|Any CPU
	EndGlobalSection
	GlobalSection(SolutionProperties) = preSolution
		HideSolutionNode = FALSE
	EndGlobalSection
EndGlobal
