
Microsoft Visual Studio Solution File, Format Version 12.00
# Visual Studio 15
VisualStudioVersion = 15.0.27130.2036
MinimumVisualStudioVersion = 10.0.40219.1
Project("{FAE04EC0-301F-11D3-BF4B-00C04F79EFBC}") = "App", "App\App.csproj", "{350A1CC1-E30C-475B-A46E-81DF794BF513}"
EndProject
Global
	GlobalSection(SolutionConfigurationPlatforms) = preSolution
		Debug|Any CPU = Debug|Any CPU
		Release|Any CPU = Release|Any CPU
	EndGlobalSection
	GlobalSection(ProjectConfigurationPlatforms) = postSolution
		{350A1CC1-E30C-475B-A46E-81DF794BF513}.Debug|Any CPU.ActiveCfg = Debug|Any CPU
		{350A1CC1-E30C-475B-A46E-81DF794BF513}.Debug|Any CPU.Build.0 = Debug|Any CPU
		{350A1CC1-E30C-475B-A46E-81DF794BF513}.Release|Any CPU.ActiveCfg = Release|Any CPU
		{350A1CC1-E30C-475B-A46E-81DF794BF513}.Release|Any CPU.Build.0 = Release|Any CPU
	EndGlobalSection
	GlobalSection(SolutionProperties) = preSolution
		HideSolutionNode = FALSE
	EndGlobalSection
	GlobalSection(ExtensibilityGlobals) = postSolution
		SolutionGuid = {A13E993D-3CF4-48CB-B61F-645B17B0381A}
	EndGlobalSection
EndGlobal
