
Microsoft Visual Studio Solution File, Format Version 12.00
# Visual Studio 2012
Project("{2150E333-8FDC-42A3-9474-1A3956D46DE8}") = "Solution Items", "Solution Items", "{FC978E5E-FB32-4060-B847-4FAF53B93A92}"
	ProjectSection(SolutionItems) = preProject
		..\..\..\..\CSharp\Reflection\ReadMe.txt = ..\..\..\..\CSharp\Reflection\ReadMe.txt
	EndProjectSection
EndProject
Project("{FAE04EC0-301F-11D3-BF4B-00C04F79EFBC}") = "Type Information", "Type Information\Type Information.csproj", "{47A29E52-123B-4079-8A41-5CD7BBB28303}"
EndProject
Project("{FAE04EC0-301F-11D3-BF4B-00C04F79EFBC}") = "Type Attributes", "Type Attributes\Type Attributes.csproj", "{784AD3C1-72EF-4A60-B6FE-EAE35B06E5F1}"
EndProject
Project("{FAE04EC0-301F-11D3-BF4B-00C04F79EFBC}") = "Custom Attributes", "Custom Attributes\Custom Attributes.csproj", "{9BBE1DCC-8E24-416B-AA8D-8BD5D569A71A}"
EndProject
Project("{FAE04EC0-301F-11D3-BF4B-00C04F79EFBC}") = "Dynamic", "Dynamic\Dynamic.csproj", "{9A3C636F-2146-48F1-96A5-45D95FD0E6B6}"
EndProject
Project("{FAE04EC0-301F-11D3-BF4B-00C04F79EFBC}") = "Assembly Dynamic Load", "Assembly Dynamic Load\Assembly Dynamic Load.csproj", "{89A4B931-480A-412C-A9F0-2A7B68900B3A}"
EndProject
Project("{FAE04EC0-301F-11D3-BF4B-00C04F79EFBC}") = "Extract Property Using Expression", "Extract Property Using Expression\Extract Property Using Expression.csproj", "{37F59A72-D054-4628-ABC5-3B0B7F27A341}"
EndProject
Project("{FAE04EC0-301F-11D3-BF4B-00C04F79EFBC}") = "Debugger Attribute", "Debugger Attribute\Debugger Attribute.csproj", "{E441CE8F-37DF-4847-B4D2-6FD7C061E49E}"
EndProject
Project("{FAE04EC0-301F-11D3-BF4B-00C04F79EFBC}") = "CallerInfo Attribute", "CallerInfo Attribute\CallerInfo Attribute.csproj", "{E2261EDD-87E0-47FC-AEE8-A18E0FCF2514}"
EndProject
Project("{FAE04EC0-301F-11D3-BF4B-00C04F79EFBC}") = "Obsolete Attribute", "Obsolete Attribute\Obsolete Attribute.csproj", "{F14D4DF7-0D61-4BEE-98F9-AA55EB1948A7}"
EndProject
Global
	GlobalSection(SolutionConfigurationPlatforms) = preSolution
		Debug|Any CPU = Debug|Any CPU
		Release|Any CPU = Release|Any CPU
	EndGlobalSection
	GlobalSection(ProjectConfigurationPlatforms) = postSolution
		{47A29E52-123B-4079-8A41-5CD7BBB28303}.Debug|Any CPU.ActiveCfg = Debug|Any CPU
		{47A29E52-123B-4079-8A41-5CD7BBB28303}.Debug|Any CPU.Build.0 = Debug|Any CPU
		{47A29E52-123B-4079-8A41-5CD7BBB28303}.Release|Any CPU.ActiveCfg = Release|Any CPU
		{47A29E52-123B-4079-8A41-5CD7BBB28303}.Release|Any CPU.Build.0 = Release|Any CPU
		{784AD3C1-72EF-4A60-B6FE-EAE35B06E5F1}.Debug|Any CPU.ActiveCfg = Debug|Any CPU
		{784AD3C1-72EF-4A60-B6FE-EAE35B06E5F1}.Debug|Any CPU.Build.0 = Debug|Any CPU
		{784AD3C1-72EF-4A60-B6FE-EAE35B06E5F1}.Release|Any CPU.ActiveCfg = Release|Any CPU
		{784AD3C1-72EF-4A60-B6FE-EAE35B06E5F1}.Release|Any CPU.Build.0 = Release|Any CPU
		{9BBE1DCC-8E24-416B-AA8D-8BD5D569A71A}.Debug|Any CPU.ActiveCfg = Debug|Any CPU
		{9BBE1DCC-8E24-416B-AA8D-8BD5D569A71A}.Debug|Any CPU.Build.0 = Debug|Any CPU
		{9BBE1DCC-8E24-416B-AA8D-8BD5D569A71A}.Release|Any CPU.ActiveCfg = Release|Any CPU
		{9BBE1DCC-8E24-416B-AA8D-8BD5D569A71A}.Release|Any CPU.Build.0 = Release|Any CPU
		{9A3C636F-2146-48F1-96A5-45D95FD0E6B6}.Debug|Any CPU.ActiveCfg = Debug|Any CPU
		{9A3C636F-2146-48F1-96A5-45D95FD0E6B6}.Debug|Any CPU.Build.0 = Debug|Any CPU
		{9A3C636F-2146-48F1-96A5-45D95FD0E6B6}.Release|Any CPU.ActiveCfg = Release|Any CPU
		{9A3C636F-2146-48F1-96A5-45D95FD0E6B6}.Release|Any CPU.Build.0 = Release|Any CPU
		{89A4B931-480A-412C-A9F0-2A7B68900B3A}.Debug|Any CPU.ActiveCfg = Debug|Any CPU
		{89A4B931-480A-412C-A9F0-2A7B68900B3A}.Debug|Any CPU.Build.0 = Debug|Any CPU
		{89A4B931-480A-412C-A9F0-2A7B68900B3A}.Release|Any CPU.ActiveCfg = Release|Any CPU
		{89A4B931-480A-412C-A9F0-2A7B68900B3A}.Release|Any CPU.Build.0 = Release|Any CPU
		{37F59A72-D054-4628-ABC5-3B0B7F27A341}.Debug|Any CPU.ActiveCfg = Debug|Any CPU
		{37F59A72-D054-4628-ABC5-3B0B7F27A341}.Debug|Any CPU.Build.0 = Debug|Any CPU
		{37F59A72-D054-4628-ABC5-3B0B7F27A341}.Release|Any CPU.ActiveCfg = Release|Any CPU
		{37F59A72-D054-4628-ABC5-3B0B7F27A341}.Release|Any CPU.Build.0 = Release|Any CPU
		{E441CE8F-37DF-4847-B4D2-6FD7C061E49E}.Debug|Any CPU.ActiveCfg = Debug|Any CPU
		{E441CE8F-37DF-4847-B4D2-6FD7C061E49E}.Debug|Any CPU.Build.0 = Debug|Any CPU
		{E441CE8F-37DF-4847-B4D2-6FD7C061E49E}.Release|Any CPU.ActiveCfg = Release|Any CPU
		{E441CE8F-37DF-4847-B4D2-6FD7C061E49E}.Release|Any CPU.Build.0 = Release|Any CPU
		{E2261EDD-87E0-47FC-AEE8-A18E0FCF2514}.Debug|Any CPU.ActiveCfg = Debug|Any CPU
		{E2261EDD-87E0-47FC-AEE8-A18E0FCF2514}.Debug|Any CPU.Build.0 = Debug|Any CPU
		{E2261EDD-87E0-47FC-AEE8-A18E0FCF2514}.Release|Any CPU.ActiveCfg = Release|Any CPU
		{E2261EDD-87E0-47FC-AEE8-A18E0FCF2514}.Release|Any CPU.Build.0 = Release|Any CPU
		{F14D4DF7-0D61-4BEE-98F9-AA55EB1948A7}.Debug|Any CPU.ActiveCfg = Debug|Any CPU
		{F14D4DF7-0D61-4BEE-98F9-AA55EB1948A7}.Debug|Any CPU.Build.0 = Debug|Any CPU
		{F14D4DF7-0D61-4BEE-98F9-AA55EB1948A7}.Release|Any CPU.ActiveCfg = Release|Any CPU
		{F14D4DF7-0D61-4BEE-98F9-AA55EB1948A7}.Release|Any CPU.Build.0 = Release|Any CPU
	EndGlobalSection
	GlobalSection(SolutionProperties) = preSolution
		HideSolutionNode = FALSE
	EndGlobalSection
EndGlobal
