
Microsoft Visual Studio Solution File, Format Version 12.00
# Visual Studio 2012
Project("{FAE04EC0-301F-11D3-BF4B-00C04F79EFBC}") = "Command Line Arguments", "CommandLineArguments\Command Line Arguments.csproj", "{2169F73B-B497-4B4E-A7AE-53208E77FB82}"
EndProject
Global
	GlobalSection(SolutionConfigurationPlatforms) = preSolution
		Debug|Any CPU = Debug|Any CPU
		Release|Any CPU = Release|Any CPU
	EndGlobalSection
	GlobalSection(ProjectConfigurationPlatforms) = postSolution
		{2169F73B-B497-4B4E-A7AE-53208E77FB82}.Debug|Any CPU.ActiveCfg = Debug|Any CPU
		{2169F73B-B497-4B4E-A7AE-53208E77FB82}.Debug|Any CPU.Build.0 = Debug|Any CPU
		{2169F73B-B497-4B4E-A7AE-53208E77FB82}.Release|Any CPU.ActiveCfg = Release|Any CPU
		{2169F73B-B497-4B4E-A7AE-53208E77FB82}.Release|Any CPU.Build.0 = Release|Any CPU
	EndGlobalSection
	GlobalSection(SolutionProperties) = preSolution
		HideSolutionNode = FALSE
	EndGlobalSection
EndGlobal
