
Microsoft Visual Studio Solution File, Format Version 12.00
# Visual Studio 2012
Project("{FAE04EC0-301F-11D3-BF4B-00C04F79EFBC}") = "Introduction", "Introduction\Introduction.csproj", "{3C6BC6BC-9B90-4F52-932C-7AD334D560EE}"
EndProject
Project("{2150E333-8FDC-42A3-9474-1A3956D46DE8}") = "Solution Items", "Solution Items", "{535F8AA6-A059-4DF7-8CE8-275C03032320}"
	ProjectSection(SolutionItems) = preProject
		Index.txt = Index.txt
	EndProjectSection
EndProject
Global
	GlobalSection(SolutionConfigurationPlatforms) = preSolution
		Debug|Any CPU = Debug|Any CPU
		Release|Any CPU = Release|Any CPU
	EndGlobalSection
	GlobalSection(ProjectConfigurationPlatforms) = postSolution
		{3C6BC6BC-9B90-4F52-932C-7AD334D560EE}.Debug|Any CPU.ActiveCfg = Debug|Any CPU
		{3C6BC6BC-9B90-4F52-932C-7AD334D560EE}.Debug|Any CPU.Build.0 = Debug|Any CPU
		{3C6BC6BC-9B90-4F52-932C-7AD334D560EE}.Release|Any CPU.ActiveCfg = Release|Any CPU
		{3C6BC6BC-9B90-4F52-932C-7AD334D560EE}.Release|Any CPU.Build.0 = Release|Any CPU
	EndGlobalSection
	GlobalSection(SolutionProperties) = preSolution
		HideSolutionNode = FALSE
	EndGlobalSection
EndGlobal
